{"version":4,"terraform_version":"1.11.5","serial":6,"lineage":"ceda6b21-20f3-7f70-671f-34efd5a4cf96","outputs":{"configure_kubectl":{"value":"aws eks update-kubeconfig --region eu-west-2 --name argocd-spike-cluster","type":"string"}},"resources":[{"mode":"data","type":"aws_availability_zones","name":"available","provider":"provider[\"registry.opentofu.org/hashicorp/aws\"]","instances":[{"schema_version":0,"attributes":{"all_availability_zones":null,"exclude_names":null,"exclude_zone_ids":null,"filter":null,"group_names":["eu-west-2-zg-1"],"id":"eu-west-2","names":["eu-west-2a","eu-west-2b","eu-west-2c"],"state":null,"timeouts":null,"zone_ids":["euw2-az2","euw2-az3","euw2-az1"]},"sensitive_attributes":[]}]},{"module":"module.eks","mode":"data","type":"aws_caller_identity","name":"current","provider":"provider[\"registry.opentofu.org/hashicorp/aws\"]","instances":[{"index_key":0,"schema_version":0,"attributes":{"account_id":"330880211149","arn":"arn:aws:sts::330880211149:assumed-role/AWSReservedSSO_AdministratorAccess_7273a52ad7fb0ef4/harry@footprintit.net","id":"330880211149","user_id":"AROAU2CP7LDGRSPAR6HC2:harry@footprintit.net"},"sensitive_attributes":[]}]},{"module":"module.eks","mode":"data","type":"aws_eks_addon_version","name":"this","provider":"provider[\"registry.opentofu.org/hashicorp/aws\"]","instances":[{"index_key":"coredns","schema_version":0,"attributes":{"addon_name":"coredns","id":"coredns","kubernetes_version":"1.29","most_recent":true,"version":"v1.11.4-eksbuild.28"},"sensitive_attributes":[]},{"index_key":"kube-proxy","schema_version":0,"attributes":{"addon_name":"kube-proxy","id":"kube-proxy","kubernetes_version":"1.29","most_recent":true,"version":"v1.29.15-eksbuild.28"},"sensitive_attributes":[]},{"index_key":"vpc-cni","schema_version":0,"attributes":{"addon_name":"vpc-cni","id":"vpc-cni","kubernetes_version":"1.29","most_recent":true,"version":"v1.21.1-eksbuild.3"},"sensitive_attributes":[]}]},{"module":"module.eks","mode":"data","type":"aws_iam_policy_document","name":"assume_role_policy","provider":"provider[\"registry.opentofu.org/hashicorp/aws\"]","instances":[{"index_key":0,"schema_version":0,"attributes":{"id":"2830595799","json":"{\n  \"Version\": \"2012-10-17\",\n  \"Statement\": [\n    {\n      \"Sid\": \"EKSClusterAssumeRole\",\n      \"Effect\": \"Allow\",\n      \"Action\": [\n        \"sts:TagSession\",\n        \"sts:AssumeRole\"\n      ],\n      \"Principal\": {\n        \"Service\": \"eks.amazonaws.com\"\n      }\n    }\n  ]\n}","minified_json":"{\"Version\":\"2012-10-17\",\"Statement\":[{\"Sid\":\"EKSClusterAssumeRole\",\"Effect\":\"Allow\",\"Action\":[\"sts:TagSession\",\"sts:AssumeRole\"],\"Principal\":{\"Service\":\"eks.amazonaws.com\"}}]}","override_json":null,"override_policy_documents":null,"policy_id":null,"source_json":null,"source_policy_documents":null,"statement":[{"actions":["sts:AssumeRole","sts:TagSession"],"condition":[],"effect":"Allow","not_actions":[],"not_principals":[],"not_resources":[],"principals":[{"identifiers":["eks.amazonaws.com"],"type":"Service"}],"resources":[],"sid":"EKSClusterAssumeRole"}],"version":"2012-10-17"},"sensitive_attributes":[]}]},{"module":"module.eks","mode":"data","type":"aws_iam_policy_document","name":"cni_ipv6_policy","provider":"provider[\"registry.opentofu.org/hashicorp/aws\"]","instances":[]},{"module":"module.eks","mode":"data","type":"aws_iam_policy_document","name":"custom","provider":"provider[\"registry.opentofu.org/hashicorp/aws\"]","instances":[{"index_key":0,"schema_version":0,"attributes":{"id":"513122117","json":"{\n  \"Version\": \"2012-10-17\",\n  \"Statement\": [\n    {\n      \"Sid\": \"Compute\",\n      \"Effect\": \"Allow\",\n      \"Action\": [\n        \"ec2:RunInstances\",\n        \"ec2:CreateLaunchTemplate\",\n        \"ec2:CreateFleet\"\n      ],\n      \"Resource\": \"*\",\n      \"Condition\": {\n        \"StringEquals\": {\n          \"aws:RequestTag/eks:eks-cluster-name\": \"${aws:PrincipalTag/eks:eks-cluster-name}\"\n        },\n        \"StringLike\": {\n          \"aws:RequestTag/eks:kubernetes-node-class-name\": \"*\",\n          \"aws:RequestTag/eks:kubernetes-node-pool-name\": \"*\"\n        }\n      }\n    },\n    {\n      \"Sid\": \"Storage\",\n      \"Effect\": \"Allow\",\n      \"Action\": [\n        \"ec2:CreateVolume\",\n        \"ec2:CreateSnapshot\"\n      ],\n      \"Resource\": [\n        \"arn:aws:ec2:*:*:volume/*\",\n        \"arn:aws:ec2:*:*:snapshot/*\"\n      ],\n      \"Condition\": {\n        \"StringEquals\": {\n          \"aws:RequestTag/eks:eks-cluster-name\": \"${aws:PrincipalTag/eks:eks-cluster-name}\"\n        }\n      }\n    },\n    {\n      \"Sid\": \"Networking\",\n      \"Effect\": \"Allow\",\n      \"Action\": \"ec2:CreateNetworkInterface\",\n      \"Resource\": \"*\",\n      \"Condition\": {\n        \"StringEquals\": {\n          \"aws:RequestTag/eks:eks-cluster-name\": \"${aws:PrincipalTag/eks:eks-cluster-name}\",\n          \"aws:RequestTag/eks:kubernetes-cni-node-name\": \"*\"\n        }\n      }\n    },\n    {\n      \"Sid\": \"LoadBalancer\",\n      \"Effect\": \"Allow\",\n      \"Action\": [\n        \"elasticloadbalancing:CreateTargetGroup\",\n        \"elasticloadbalancing:CreateRule\",\n        \"elasticloadbalancing:CreateLoadBalancer\",\n        \"elasticloadbalancing:CreateListener\",\n        \"ec2:CreateSecurityGroup\"\n      ],\n      \"Resource\": \"*\",\n      \"Condition\": {\n        \"StringEquals\": {\n          \"aws:RequestTag/eks:eks-cluster-name\": \"${aws:PrincipalTag/eks:eks-cluster-name}\"\n        }\n      }\n    },\n    {\n      \"Sid\": \"ShieldProtection\",\n      \"Effect\": \"Allow\",\n      \"Action\": \"shield:CreateProtection\",\n      \"Resource\": \"*\",\n      \"Condition\": {\n        \"StringEquals\": {\n          \"aws:RequestTag/eks:eks-cluster-name\": \"${aws:PrincipalTag/eks:eks-cluster-name}\"\n        }\n      }\n    },\n    {\n      \"Sid\": \"ShieldTagResource\",\n      \"Effect\": \"Allow\",\n      \"Action\": \"shield:TagResource\",\n      \"Resource\": \"arn:aws:shield::*:protection/*\",\n      \"Condition\": {\n        \"StringEquals\": {\n          \"aws:RequestTag/eks:eks-cluster-name\": \"${aws:PrincipalTag/eks:eks-cluster-name}\"\n        }\n      }\n    }\n  ]\n}","minified_json":"{\"Version\":\"2012-10-17\",\"Statement\":[{\"Sid\":\"Compute\",\"Effect\":\"Allow\",\"Action\":[\"ec2:RunInstances\",\"ec2:CreateLaunchTemplate\",\"ec2:CreateFleet\"],\"Resource\":\"*\",\"Condition\":{\"StringEquals\":{\"aws:RequestTag/eks:eks-cluster-name\":\"${aws:PrincipalTag/eks:eks-cluster-name}\"},\"StringLike\":{\"aws:RequestTag/eks:kubernetes-node-class-name\":\"*\",\"aws:RequestTag/eks:kubernetes-node-pool-name\":\"*\"}}},{\"Sid\":\"Storage\",\"Effect\":\"Allow\",\"Action\":[\"ec2:CreateVolume\",\"ec2:CreateSnapshot\"],\"Resource\":[\"arn:aws:ec2:*:*:volume/*\",\"arn:aws:ec2:*:*:snapshot/*\"],\"Condition\":{\"StringEquals\":{\"aws:RequestTag/eks:eks-cluster-name\":\"${aws:PrincipalTag/eks:eks-cluster-name}\"}}},{\"Sid\":\"Networking\",\"Effect\":\"Allow\",\"Action\":\"ec2:CreateNetworkInterface\",\"Resource\":\"*\",\"Condition\":{\"StringEquals\":{\"aws:RequestTag/eks:eks-cluster-name\":\"${aws:PrincipalTag/eks:eks-cluster-name}\",\"aws:RequestTag/eks:kubernetes-cni-node-name\":\"*\"}}},{\"Sid\":\"LoadBalancer\",\"Effect\":\"Allow\",\"Action\":[\"elasticloadbalancing:CreateTargetGroup\",\"elasticloadbalancing:CreateRule\",\"elasticloadbalancing:CreateLoadBalancer\",\"elasticloadbalancing:CreateListener\",\"ec2:CreateSecurityGroup\"],\"Resource\":\"*\",\"Condition\":{\"StringEquals\":{\"aws:RequestTag/eks:eks-cluster-name\":\"${aws:PrincipalTag/eks:eks-cluster-name}\"}}},{\"Sid\":\"ShieldProtection\",\"Effect\":\"Allow\",\"Action\":\"shield:CreateProtection\",\"Resource\":\"*\",\"Condition\":{\"StringEquals\":{\"aws:RequestTag/eks:eks-cluster-name\":\"${aws:PrincipalTag/eks:eks-cluster-name}\"}}},{\"Sid\":\"ShieldTagResource\",\"Effect\":\"Allow\",\"Action\":\"shield:TagResource\",\"Resource\":\"arn:aws:shield::*:protection/*\",\"Condition\":{\"StringEquals\":{\"aws:RequestTag/eks:eks-cluster-name\":\"${aws:PrincipalTag/eks:eks-cluster-name}\"}}}]}","override_json":null,"override_policy_documents":null,"policy_id":null,"source_json":null,"source_policy_documents":null,"statement":[{"actions":["ec2:CreateFleet","ec2:CreateLaunchTemplate","ec2:RunInstances"],"condition":[{"test":"StringEquals","values":["${aws:PrincipalTag/eks:eks-cluster-name}"],"variable":"aws:RequestTag/eks:eks-cluster-name"},{"test":"StringLike","values":["*"],"variable":"aws:RequestTag/eks:kubernetes-node-class-name"},{"test":"StringLike","values":["*"],"variable":"aws:RequestTag/eks:kubernetes-node-pool-name"}],"effect":"Allow","not_actions":[],"not_principals":[],"not_resources":[],"principals":[],"resources":["*"],"sid":"Compute"},{"actions":["ec2:CreateSnapshot","ec2:CreateVolume"],"condition":[{"test":"StringEquals","values":["${aws:PrincipalTag/eks:eks-cluster-name}"],"variable":"aws:RequestTag/eks:eks-cluster-name"}],"effect":"Allow","not_actions":[],"not_principals":[],"not_resources":[],"principals":[],"resources":["arn:aws:ec2:*:*:snapshot/*","arn:aws:ec2:*:*:volume/*"],"sid":"Storage"},{"actions":["ec2:CreateNetworkInterface"],"condition":[{"test":"StringEquals","values":["${aws:PrincipalTag/eks:eks-cluster-name}"],"variable":"aws:RequestTag/eks:eks-cluster-name"},{"test":"StringEquals","values":["*"],"variable":"aws:RequestTag/eks:kubernetes-cni-node-name"}],"effect":"Allow","not_actions":[],"not_principals":[],"not_resources":[],"principals":[],"resources":["*"],"sid":"Networking"},{"actions":["ec2:CreateSecurityGroup","elasticloadbalancing:CreateListener","elasticloadbalancing:CreateLoadBalancer","elasticloadbalancing:CreateRule","elasticloadbalancing:CreateTargetGroup"],"condition":[{"test":"StringEquals","values":["${aws:PrincipalTag/eks:eks-cluster-name}"],"variable":"aws:RequestTag/eks:eks-cluster-name"}],"effect":"Allow","not_actions":[],"not_principals":[],"not_resources":[],"principals":[],"resources":["*"],"sid":"LoadBalancer"},{"actions":["shield:CreateProtection"],"condition":[{"test":"StringEquals","values":["${aws:PrincipalTag/eks:eks-cluster-name}"],"variable":"aws:RequestTag/eks:eks-cluster-name"}],"effect":"Allow","not_actions":[],"not_principals":[],"not_resources":[],"principals":[],"resources":["*"],"sid":"ShieldProtection"},{"actions":["shield:TagResource"],"condition":[{"test":"StringEquals","values":["${aws:PrincipalTag/eks:eks-cluster-name}"],"variable":"aws:RequestTag/eks:eks-cluster-name"}],"effect":"Allow","not_actions":[],"not_principals":[],"not_resources":[],"principals":[],"resources":["arn:aws:shield::*:protection/*"],"sid":"ShieldTagResource"}],"version":"2012-10-17"},"sensitive_attributes":[]}]},{"module":"module.eks","mode":"data","type":"aws_iam_policy_document","name":"node_assume_role_policy","provider":"provider[\"registry.opentofu.org/hashicorp/aws\"]","instances":[]},{"module":"module.eks","mode":"data","type":"aws_iam_session_context","name":"current","provider":"provider[\"registry.opentofu.org/hashicorp/aws\"]","instances":[{"index_key":0,"schema_version":0,"attributes":{"arn":"arn:aws:sts::330880211149:assumed-role/AWSReservedSSO_AdministratorAccess_7273a52ad7fb0ef4/harry@footprintit.net","id":"arn:aws:sts::330880211149:assumed-role/AWSReservedSSO_AdministratorAccess_7273a52ad7fb0ef4/harry@footprintit.net","issuer_arn":"arn:aws:iam::330880211149:role/aws-reserved/sso.amazonaws.com/eu-west-2/AWSReservedSSO_AdministratorAccess_7273a52ad7fb0ef4","issuer_id":"AROAU2CP7LDGRSPAR6HC2","issuer_name":"AWSReservedSSO_AdministratorAccess_7273a52ad7fb0ef4","session_name":"harry@footprintit.net"},"sensitive_attributes":[]}]},{"module":"module.eks","mode":"data","type":"aws_partition","name":"current","provider":"provider[\"registry.opentofu.org/hashicorp/aws\"]","instances":[{"index_key":0,"schema_version":0,"attributes":{"dns_suffix":"amazonaws.com","id":"aws","partition":"aws","reverse_dns_prefix":"com.amazonaws"},"sensitive_attributes":[]}]},{"module":"module.eks","mode":"data","type":"tls_certificate","name":"this","provider":"provider[\"registry.opentofu.org/hashicorp/tls\"]","instances":[{"index_key":0,"schema_version":0,"attributes":{"certificates":[{"cert_pem":"-----BEGIN CERTIFICATE-----\nMIIEkjCCA3qgAwIBAgITBn+USionzfP6wq4rAfkI7rnExjANBgkqhkiG9w0BAQsF\nADCBmDELMAkGA1UEBhMCVVMxEDAOBgNVBAgTB0FyaXpvbmExEzARBgNVBAcTClNj\nb3R0c2RhbGUxJTAjBgNVBAoTHFN0YXJmaWVsZCBUZWNobm9sb2dpZXMsIEluYy4x\nOzA5BgNVBAMTMlN0YXJmaWVsZCBTZXJ2aWNlcyBSb290IENlcnRpZmljYXRlIEF1\ndGhvcml0eSAtIEcyMB4XDTE1MDUyNTEyMDAwMFoXDTM3MTIzMTAxMDAwMFowOTEL\nMAkGA1UEBhMCVVMxDzANBgNVBAoTBkFtYXpvbjEZMBcGA1UEAxMQQW1hem9uIFJv\nb3QgQ0EgMTCCASIwDQYJKoZIhvcNAQEBBQADggEPADCCAQoCggEBALJ4gHHKeNXj\nca9HgFB0fW7Y14h29Jlo91ghYPl0hAEvrAIthtOgQ3pOsqTQNroBvo3bSMgHFzZM\n9O6II8c+6zf1tRn4SWiw3te5djgdYZ6k/oI2peVKVuRF4fn9tBb6dNqcmzU5L/qw\nIFAGbHrQgLKm+a/sRxmPUDgH3KKHOVj4utWp+UhnMJbulHheb4mjUcAwhmahRWa6\nVOujw5H5SNz/0egwLX0tdHA114gk957EWW67c4cX8jJGKLhD+rcdqsq08p8kDi1L\n93FcXmn/6pUCyziKrlA4b9v7LWIbxcceVOF34GfID5yHI9Y/QCB/IIDEgEw+OyQm\njgSubJrIqg0CAwEAAaOCATEwggEtMA8GA1UdEwEB/wQFMAMBAf8wDgYDVR0PAQH/\nBAQDAgGGMB0GA1UdDgQWBBSEGMyFNOy8DJSULghZnMeyEE4KCDAfBgNVHSMEGDAW\ngBScXwDfqgHXMCs4iKK4bUqc8hGRgzB4BggrBgEFBQcBAQRsMGowLgYIKwYBBQUH\nMAGGImh0dHA6Ly9vY3NwLnJvb3RnMi5hbWF6b250cnVzdC5jb20wOAYIKwYBBQUH\nMAKGLGh0dHA6Ly9jcnQucm9vdGcyLmFtYXpvbnRydXN0LmNvbS9yb290ZzIuY2Vy\nMD0GA1UdHwQ2MDQwMqAwoC6GLGh0dHA6Ly9jcmwucm9vdGcyLmFtYXpvbnRydXN0\nLmNvbS9yb290ZzIuY3JsMBEGA1UdIAQKMAgwBgYEVR0gADANBgkqhkiG9w0BAQsF\nAAOCAQEAYjdCXLwQtT6LLOkMm2xF4gcAevnFWAu5CIw+7bMlPLVvUOTNNWqnkzSW\nMiGpSESrnO09tKpzbeR/FoCJbM8oAxiDR3mjEH4wW6w7sGDgd9QIpuEdfF7Au/ma\neyKdpwAJfqxGF4PcnCZXmTA5YpaP7dreqsXMGz7KQ2hsVxa81Q4gLv7/wmpdLqBK\nbRRYh5TmOTFffHPLkIhqhBGWJ6bt2YFGpn6jcgAKUj6DiAdjd4lpFw85hdKrCEVN\n0FE6/V1dN2RMfjCyVSRCnTawXZwXgWHxyvkQAiSr6w10kY17RSlQOYiypok1JR4U\nakcjMS9cmvqtmg5iUaQqqcT5NJ0hGA==\n-----END CERTIFICATE-----\n","is_ca":true,"issuer":"CN=Starfield Services Root Certificate Authority - G2,O=Starfield Technologies\\, Inc.,L=Scottsdale,ST=Arizona,C=US","max_path_length":-1,"not_after":"2037-12-31T01:00:00Z","not_before":"2015-05-25T12:00:00Z","public_key_algorithm":"RSA","serial_number":"144918191876577076464031512351042010504348870","sha1_fingerprint":"06b25927c42a721631c1efd9431e648fa62e1e39","signature_algorithm":"SHA256-RSA","subject":"CN=Amazon Root CA 1,O=Amazon,C=US","version":3},{"cert_pem":"-----BEGIN CERTIFICATE-----\nMIIEXjCCA0agAwIBAgITB3MSOAudZoijOx7Zv5zNpo4ODzANBgkqhkiG9w0BAQsF\nADA5MQswCQYDVQQGEwJVUzEPMA0GA1UEChMGQW1hem9uMRkwFwYDVQQDExBBbWF6\nb24gUm9vdCBDQSAxMB4XDTIyMDgyMzIyMjEyOFoXDTMwMDgyMzIyMjEyOFowPDEL\nMAkGA1UEBhMCVVMxDzANBgNVBAoTBkFtYXpvbjEcMBoGA1UEAxMTQW1hem9uIFJT\nQSAyMDQ4IE0wMTCCASIwDQYJKoZIhvcNAQEBBQADggEPADCCAQoCggEBAOtxLKnL\nH4gokjIwr4pXD3i3NyWVVYesZ1yX0yLI2qIUZ2t88Gfa4gMqs1YSXca1R/lnCKeT\nepWSGA+0+fkQNpp/L4C2T7oTTsddUx7g3ZYzByDTlrwS5HRQQqEFE3O1T5tEJP4t\nf+28IoXsNiEzl3UGzicYgtzj2cWCB41eJgEmJmcf2T8TzzK6a614ZPyq/w4CPAff\nnAV4coz96nW3AyiE2uhuB4zQUIXvgVSycW7sbWLvj5TDXunEpNCRwC4kkZjK7rol\njtT2cbb7W2s4Bkg3R42G3PLqBvt2N32e/0JOTViCk8/iccJ4sXqrS1uUN4iB5Nmv\nJK74csVl+0u0UecCAwEAAaOCAVowggFWMBIGA1UdEwEB/wQIMAYBAf8CAQAwDgYD\nVR0PAQH/BAQDAgGGMB0GA1UdJQQWMBQGCCsGAQUFBwMBBggrBgEFBQcDAjAdBgNV\nHQ4EFgQUgbgOY4qJEhjl+js7UJWf5uWQE4UwHwYDVR0jBBgwFoAUhBjMhTTsvAyU\nlC4IWZzHshBOCggwewYIKwYBBQUHAQEEbzBtMC8GCCsGAQUFBzABhiNodHRwOi8v\nb2NzcC5yb290Y2ExLmFtYXpvbnRydXN0LmNvbTA6BggrBgEFBQcwAoYuaHR0cDov\nL2NydC5yb290Y2ExLmFtYXpvbnRydXN0LmNvbS9yb290Y2ExLmNlcjA/BgNVHR8E\nODA2MDSgMqAwhi5odHRwOi8vY3JsLnJvb3RjYTEuYW1hem9udHJ1c3QuY29tL3Jv\nb3RjYTEuY3JsMBMGA1UdIAQMMAowCAYGZ4EMAQIBMA0GCSqGSIb3DQEBCwUAA4IB\nAQCtAN4CBSMuBjJitGuxlBbkEUDeK/pZwTXv4KqPK0G50fOHOQAd8j21p0cMBgbG\nkfMHVwLU7b0XwZCav0h1ogdPMN1KakK1DT0VwA/+hFvGPJnMV1Kx2G4S1ZaSk0uU\n5QfoiYIIano01J5k4T2HapKQmmOhS/iPtuo00wW+IMLeBuKMn3OLn005hcrOGTad\nhcmeyfhQP7Z+iKHvyoQGi1C0ClymHETx/chhQGDyYSWqB/THwnN15AwLQo0E5V9E\nSJlbe4mBlqeInUsNYugExNf+tOiybcrswBy8OFsd34XOW3rjSUtsuafd9AWySa3h\nxRRrwszrzX/WWGm6wyB+f7C4\n-----END CERTIFICATE-----\n","is_ca":true,"issuer":"CN=Amazon Root CA 1,O=Amazon,C=US","max_path_length":0,"not_after":"2030-08-23T22:21:28Z","not_before":"2022-08-23T22:21:28Z","public_key_algorithm":"RSA","serial_number":"166129328851546858514271303855646110030630415","sha1_fingerprint":"2ad974a775f73cbdbbd8f5ac3a49255fa8fb1f8c","signature_algorithm":"SHA256-RSA","subject":"CN=Amazon RSA 2048 M01,O=Amazon,C=US","version":3},{"cert_pem":"-----BEGIN CERTIFICATE-----\nMIIF3DCCBMSgAwIBAgIQDgVgzo28zbbHyRKijvTSOzANBgkqhkiG9w0BAQsFADA8\nMQswCQYDVQQGEwJVUzEPMA0GA1UEChMGQW1hem9uMRwwGgYDVQQDExNBbWF6b24g\nUlNBIDIwNDggTTAxMB4XDTI2MDEyODAwMDAwMFoXDTI3MDIyNjIzNTk1OVowKDEm\nMCQGA1UEAwwdKi5la3MuZXUtd2VzdC0yLmFtYXpvbmF3cy5jb20wggEiMA0GCSqG\nSIb3DQEBAQUAA4IBDwAwggEKAoIBAQDUI3ZC6OK8840EOiF7u0YhpD/f447+mkNQ\n7gMmpsW2MqoqLNCcnEbzSuL9WM8gY0hg9nz/BiIGHr0NEpCqhdnDQirMkz/3zXvE\nVQVeJb89JLsSz36UzQ5rKurgx0R+ViOhG0JvncqY7Cft+PjwuhYsqw4fFtdTViKl\nb1+Y/GY42lhNBlcSis/ZYSB67LiGLHhVzF4G8QY+iGV53WVTSkvEETAX3nepkWih\npdvv54e+6/T3LLsEyN8k2wyXK9v2bWYoauIYfupehrYjvzyVmc+u7feZCtJb103x\n+LNmYthyTUhwVnGHJOrB83Kqi5uy/bZRbmRahGncn5QtRh1QFs0/AgMBAAGjggLs\nMIIC6DAfBgNVHSMEGDAWgBSBuA5jiokSGOX6OztQlZ/m5ZAThTAdBgNVHQ4EFgQU\nDPmdKl+duNs0LZ2MFKlMkYnyfDQwKAYDVR0RBCEwH4IdKi5la3MuZXUtd2VzdC0y\nLmFtYXpvbmF3cy5jb20wEwYDVR0gBAwwCjAIBgZngQwBAgEwDgYDVR0PAQH/BAQD\nAgWgMBMGA1UdJQQMMAoGCCsGAQUFBwMBMDsGA1UdHwQ0MDIwMKAuoCyGKmh0dHA6\nLy9jcmwucjJtMDEuYW1hem9udHJ1c3QuY29tL3IybTAxLmNybDB1BggrBgEFBQcB\nAQRpMGcwLQYIKwYBBQUHMAGGIWh0dHA6Ly9vY3NwLnIybTAxLmFtYXpvbnRydXN0\nLmNvbTA2BggrBgEFBQcwAoYqaHR0cDovL2NydC5yMm0wMS5hbWF6b250cnVzdC5j\nb20vcjJtMDEuY2VyMAwGA1UdEwEB/wQCMAAwggF+BgorBgEEAdZ5AgQCBIIBbgSC\nAWoBaAB2AExj3JjlnB2riPYeij3ero+rRKM3e1+blMP7oZz8wb4mAAABnAH5r14A\nAAQDAEcwRQIhAPmuu0mV3AaifgNOYdLVJDNB+NTc4Wkls5Ckf/5+G9piAiBI7VqM\nOr3IDLNJjgu7eS0qbAM9AOStjKM3ctNa1ogRfwB2AByfaCzp+vBFaVD4G5aKh93b\nMhDYTObIsuOCUkrEz1mfAAABnAH5r1AAAAQDAEcwRQIgBCkR4/sYLYILvC2W89Eg\nX8CKXSsXqsRYiIv6eLcy7nwCIQCtD9OZtyl1X/Po8v4cCnUZtstKP8emw3TyRS/J\n6hADOwB2AGBMmq96f3dfAdQG/JINyJnrCxx9+MlSG/r6F3c7l4vJAAABnAH5sDkA\nAAQDAEcwRQIgUAgAPWg/TRL05Iv8ovq1Yajsgkhtd7gc0CsM2HPHaHkCIQC6eI8r\nRo/4vgUwIX34lIXmp5NMlbvDWiXcJ6OeR3h2hzANBgkqhkiG9w0BAQsFAAOCAQEA\niSsRllFihiF605Gck3PjdYzPtiRlqDoree4fW6e9RMw8Unciu7fG2u+Q4b07Md7R\nDQbMhRnbuqkO+ITwofffdp/H32PIRO3CsMjizv4iUX3jtXOXs2P2L/9EjGBdkUqu\nj1Zsqn/7S09yPC7404SXd1T12AWDXmTtJPJNclLmTkSvCHLpzTzr4M12mCPo79Yh\nbOe72AubQ7mCJUKq0c6/y8P3GXgKY/gM+QSlhAXGhOm7EJWl4/qG6Puc+XrN1WjY\nLfSomIwdg3ZlVR82HC21RoHJHXUQI5U8RL98PkVU1AdgwPIMDilLgQwzPgtugAoF\nrbv0XbKOKHhTddkgS+NHBg==\n-----END CERTIFICATE-----\n","is_ca":false,"issuer":"CN=Amazon RSA 2048 M01,O=Amazon,C=US","max_path_length":-1,"not_after":"2027-02-26T23:59:59Z","not_before":"2026-01-28T00:00:00Z","public_key_algorithm":"RSA","serial_number":"18637116901470560753339867372453155387","sha1_fingerprint":"feb55add7a05e253cac6f0ec720079fbd861167c","signature_algorithm":"SHA256-RSA","subject":"CN=*.eks.eu-west-2.amazonaws.com","version":3}],"content":null,"id":"1dc76326fb30ec85b6567240ab789feda42aabfa","url":"https://oidc.eks.eu-west-2.amazonaws.com/id/797AF63B9D22ECD54A43732F3E76E4A5","verify_chain":true},"sensitive_attributes":[]}]},{"module":"module.eks","mode":"managed","type":"aws_cloudwatch_log_group","name":"this","provider":"provider[\"registry.opentofu.org/hashicorp/aws\"]","instances":[{"index_key":0,"schema_version":0,"attributes":{"arn":"arn:aws:logs:eu-west-2:330880211149:log-group:/aws/eks/argocd-spike-cluster/cluster","id":"/aws/eks/argocd-spike-cluster/cluster","kms_key_id":"","log_group_class":"STANDARD","name":"/aws/eks/argocd-spike-cluster/cluster","name_prefix":"","retention_in_days":90,"skip_destroy":false,"tags":{"Name":"/aws/eks/argocd-spike-cluster/cluster"},"tags_all":{"Environment":"sandbox","Name":"/aws/eks/argocd-spike-cluster/cluster","Project":"argocd-spike","Terraform":"true"}},"sensitive_attributes":[],"private":"bnVsbA==","create_before_destroy":true}]},{"module":"module.eks","mode":"managed","type":"aws_eks_access_entry","name":"this","provider":"provider[\"registry.opentofu.org/hashicorp/aws\"]","instances":[{"index_key":"cluster_creator","schema_version":0,"attributes":{"access_entry_arn":"arn:aws:eks:eu-west-2:330880211149:access-entry/argocd-spike-cluster/role/330880211149/AWSReservedSSO_AdministratorAccess_7273a52ad7fb0ef4/f4ce4ac7-de5f-642c-edb8-5571991f2014","cluster_name":"argocd-spike-cluster","created_at":"2026-02-25T16:09:11Z","id":"argocd-spike-cluster:arn:aws:iam::330880211149:role/aws-reserved/sso.amazonaws.com/eu-west-2/AWSReservedSSO_AdministratorAccess_7273a52ad7fb0ef4","kubernetes_groups":[],"modified_at":"2026-02-25T16:09:11Z","principal_arn":"arn:aws:iam::330880211149:role/aws-reserved/sso.amazonaws.com/eu-west-2/AWSReservedSSO_AdministratorAccess_7273a52ad7fb0ef4","tags":null,"tags_all":{"Environment":"sandbox","Project":"argocd-spike","Terraform":"true"},"timeouts":null,"type":"STANDARD","user_name":"arn:aws:sts::330880211149:assumed-role/AWSReservedSSO_AdministratorAccess_7273a52ad7fb0ef4/{{SessionName}}"},"sensitive_attributes":[],"private":"eyJlMmJmYjczMC1lY2FhLTExZTYtOGY4OC0zNDM2M2JjN2M0YzAiOnsiY3JlYXRlIjo2MDAwMDAwMDAwMDAsImRlbGV0ZSI6NjAwMDAwMDAwMDAwfX0=","dependencies":["data.aws_availability_zones.available","module.eks.aws_cloudwatch_log_group.this","module.eks.aws_eks_cluster.this","module.eks.aws_iam_policy.cni_ipv6_policy","module.eks.aws_iam_role.eks_auto","module.eks.aws_iam_role.this","module.eks.aws_iam_role_policy_attachment.this","module.eks.aws_security_group.cluster","module.eks.aws_security_group.node","module.eks.aws_security_group_rule.cluster","module.eks.aws_security_group_rule.node","module.eks.data.aws_caller_identity.current","module.eks.data.aws_iam_policy_document.assume_role_policy","module.eks.data.aws_iam_policy_document.cni_ipv6_policy","module.eks.data.aws_iam_policy_document.node_assume_role_policy","module.eks.data.aws_iam_session_context.current","module.eks.data.aws_partition.current","module.eks.module.kms.aws_kms_external_key.this","module.eks.module.kms.aws_kms_key.this","module.eks.module.kms.aws_kms_replica_external_key.this","module.eks.module.kms.aws_kms_replica_key.this","module.eks.module.kms.data.aws_caller_identity.current","module.eks.module.kms.data.aws_iam_policy_document.this","module.eks.module.kms.data.aws_partition.current","module.vpc.aws_subnet.private","module.vpc.aws_vpc.this","module.vpc.aws_vpc_ipv4_cidr_block_association.this"]}]},{"module":"module.eks","mode":"managed","type":"aws_eks_access_policy_association","name":"this","provider":"provider[\"registry.opentofu.org/hashicorp/aws\"]","instances":[{"index_key":"cluster_creator_admin","schema_version":0,"attributes":{"access_scope":[{"namespaces":null,"type":"cluster"}],"associated_at":"2026-02-25 16:09:11.964 +0000 UTC","cluster_name":"argocd-spike-cluster","id":"argocd-spike-cluster#arn:aws:iam::330880211149:role/aws-reserved/sso.amazonaws.com/eu-west-2/AWSReservedSSO_AdministratorAccess_7273a52ad7fb0ef4#arn:aws:eks::aws:cluster-access-policy/AmazonEKSClusterAdminPolicy","modified_at":"2026-02-25 16:09:11.964 +0000 UTC","policy_arn":"arn:aws:eks::aws:cluster-access-policy/AmazonEKSClusterAdminPolicy","principal_arn":"arn:aws:iam::330880211149:role/aws-reserved/sso.amazonaws.com/eu-west-2/AWSReservedSSO_AdministratorAccess_7273a52ad7fb0ef4","timeouts":null},"sensitive_attributes":[],"private":"eyJlMmJmYjczMC1lY2FhLTExZTYtOGY4OC0zNDM2M2JjN2M0YzAiOnsiY3JlYXRlIjo2MDAwMDAwMDAwMDAsImRlbGV0ZSI6NjAwMDAwMDAwMDAwfX0=","dependencies":["data.aws_availability_zones.available","module.eks.aws_cloudwatch_log_group.this","module.eks.aws_eks_access_entry.this","module.eks.aws_eks_cluster.this","module.eks.aws_iam_policy.cni_ipv6_policy","module.eks.aws_iam_role.eks_auto","module.eks.aws_iam_role.this","module.eks.aws_iam_role_policy_attachment.this","module.eks.aws_security_group.cluster","module.eks.aws_security_group.node","module.eks.aws_security_group_rule.cluster","module.eks.aws_security_group_rule.node","module.eks.data.aws_caller_identity.current","module.eks.data.aws_iam_policy_document.assume_role_policy","module.eks.data.aws_iam_policy_document.cni_ipv6_policy","module.eks.data.aws_iam_policy_document.node_assume_role_policy","module.eks.data.aws_iam_session_context.current","module.eks.data.aws_partition.current","module.eks.module.kms.aws_kms_external_key.this","module.eks.module.kms.aws_kms_key.this","module.eks.module.kms.aws_kms_replica_external_key.this","module.eks.module.kms.aws_kms_replica_key.this","module.eks.module.kms.data.aws_caller_identity.current","module.eks.module.kms.data.aws_iam_policy_document.this","module.eks.module.kms.data.aws_partition.current","module.vpc.aws_subnet.private","module.vpc.aws_vpc.this","module.vpc.aws_vpc_ipv4_cidr_block_association.this"]}]},{"module":"module.eks","mode":"managed","type":"aws_eks_cluster","name":"this","provider":"provider[\"registry.opentofu.org/hashicorp/aws\"]","instances":[{"index_key":0,"schema_version":1,"attributes":{"access_config":[{"authentication_mode":"API_AND_CONFIG_MAP","bootstrap_cluster_creator_admin_permissions":false}],"arn":"arn:aws:eks:eu-west-2:330880211149:cluster/argocd-spike-cluster","bootstrap_self_managed_addons":true,"certificate_authority":[{"data":"LS0tLS1CRUdJTiBDRVJUSUZJQ0FURS0tLS0tCk1JSURCVENDQWUyZ0F3SUJBZ0lJQ3BHR0l3dVd3WlF3RFFZSktvWklodmNOQVFFTEJRQXdGVEVUTUJFR0ExVUUKQXhNS2EzVmlaWEp1WlhSbGN6QWVGdzB5TmpBeU1qVXhOakF3TVRGYUZ3MHpOakF5TWpNeE5qQTFNVEZhTUJVeApFekFSQmdOVkJBTVRDbXQxWW1WeWJtVjBaWE13Z2dFaU1BMEdDU3FHU0liM0RRRUJBUVVBQTRJQkR3QXdnZ0VLCkFvSUJBUURBOWJKUVNDbDY1cEpITS85TTlBTUtLRWJLNXlLWCtNRjN5UkhJS2dxeHVaUytyd1hCY3h6MUh4SWsKaGF5bFZQZS9ScUw2Q1JRbEc1NVd2bytYN3hvNEpqVlZVRU5obXkrYnM1d3Z5Z2pFSENoVkxhcWNwbWZZZXY5YgpMeksxNUNyZjQvK1ByWlZTZXoyMDlsUDErSXpEY0tNR0cwM3RSZVd0a1Fld2xMbDBPcmlBYS9MWGJNMHE1eWo3Cjh6dkxXVVNRcldpVFRzdzNROGpTWWgwMXFyV2UwaUszbzBEbnZNbDFWbkZicU8zMUlPU0ZkQVJScmJjYjRCUmsKaURzT0FLRnJYNnJnaDFjdCtTN1dQclZvZ0R0SEptdHZVdGl4djNZdHI3YzVJakhKT2JPc1c4SGJmUVJtMnNzWQowUnVwL1JDNmVaRk1yU1JEM2tSZ2Z5TmpVWTE1QWdNQkFBR2pXVEJYTUE0R0ExVWREd0VCL3dRRUF3SUNwREFQCkJnTlZIUk1CQWY4RUJUQURBUUgvTUIwR0ExVWREZ1FXQkJTMkMrNmdoK2x1TEk2b0U1aExLaWREdENPc056QVYKQmdOVkhSRUVEakFNZ2dwcmRXSmxjbTVsZEdWek1BMEdDU3FHU0liM0RRRUJDd1VBQTRJQkFRQnRHUFdCVzVJUApXM3lFcWRReURHNE0yU3pidys2a21aR3pUV3ZINFVyOUpnTEJQcW9FQmhKanl5UUpmSmxGMGF3UEpOcm1aMjNDCkFXanFoMDFZYVhTdlgvY0hLalZjYzVOYmkySE4zaWNnVkpPWUlCVWN1VVUydjkvaXBzbVdRSSsxbEx3dVMvWmMKRnhOMzcwRzlyVXcxNnJvaDlRME1LWU5sb2ZnU00vNTBrWHMzcmRNazZjSG5GSkpDN2RlQlpULzNEQ004cGgzcwo0VnB5dHlua1RZN21OcnFvVGNieVpHSk9Qd0VkRU9PS3RjbENVdTBNYmhQVjNvWWFyZ2RydThYN3NuTFdIdUJoCm41ZHpTUnUxVnR6OXZzL2tCVDM4MFVmMmU2MnlxMCtkVGI0dmpCcW56R0pmbm9ENkwvbnNCcFdIdyt1WnRMM2YKZGQxRFZ2a29VNDZPCi0tLS0tRU5EIENFUlRJRklDQVRFLS0tLS0K"}],"cluster_id":null,"compute_config":[],"created_at":"2026-02-25T15:59:39Z","enabled_cluster_log_types":["api","audit","authenticator"],"encryption_config":[{"provider":[{"key_arn":"arn:aws:kms:eu-west-2:330880211149:key/e127bfb6-acda-4d9e-878c-46e79b213cba"}],"resources":["secrets"]}],"endpoint":"https://797AF63B9D22ECD54A43732F3E76E4A5.gr7.eu-west-2.eks.amazonaws.com","force_update_version":null,"id":"argocd-spike-cluster","identity":[{"oidc":[{"issuer":"https://oidc.eks.eu-west-2.amazonaws.com/id/797AF63B9D22ECD54A43732F3E76E4A5"}]}],"kubernetes_network_config":[{"elastic_load_balancing":[{"enabled":false}],"ip_family":"ipv4","service_ipv4_cidr":"172.20.0.0/16","service_ipv6_cidr":""}],"name":"argocd-spike-cluster","outpost_config":[],"platform_version":"eks.62","remote_network_config":[],"role_arn":"arn:aws:iam::330880211149:role/argocd-spike-cluster-cluster-20260225155916028800000002","status":"ACTIVE","storage_config":[],"tags":{"terraform-aws-modules":"eks"},"tags_all":{"Environment":"sandbox","Project":"argocd-spike","Terraform":"true","terraform-aws-modules":"eks"},"timeouts":{"create":null,"delete":null,"update":null},"upgrade_policy":[{"support_type":"EXTENDED"}],"version":"1.29","vpc_config":[{"cluster_security_group_id":"sg-09162f2f6956cebc2","endpoint_private_access":true,"endpoint_public_access":true,"public_access_cidrs":["0.0.0.0/0"],"security_group_ids":["sg-09deb9a2cfa83379f"],"subnet_ids":["subnet-0eb584bf324a64d09","subnet-0f4c14f78f0a78dda","subnet-0f51e8c7f37a55ec7"],"vpc_id":"vpc-022e2b2c1e67b724f"}],"zonal_shift_config":[]},"sensitive_attributes":[],"private":"eyJlMmJmYjczMC1lY2FhLTExZTYtOGY4OC0zNDM2M2JjN2M0YzAiOnsiY3JlYXRlIjoxODAwMDAwMDAwMDAwLCJkZWxldGUiOjkwMDAwMDAwMDAwMCwidXBkYXRlIjozNjAwMDAwMDAwMDAwfSwic2NoZW1hX3ZlcnNpb24iOiIxIn0=","dependencies":["data.aws_availability_zones.available","module.eks.aws_cloudwatch_log_group.this","module.eks.aws_iam_policy.cni_ipv6_policy","module.eks.aws_iam_role.eks_auto","module.eks.aws_iam_role.this","module.eks.aws_iam_role_policy_attachment.this","module.eks.aws_security_group.cluster","module.eks.aws_security_group.node","module.eks.aws_security_group_rule.cluster","module.eks.aws_security_group_rule.node","module.eks.data.aws_caller_identity.current","module.eks.data.aws_iam_policy_document.assume_role_policy","module.eks.data.aws_iam_policy_document.cni_ipv6_policy","module.eks.data.aws_iam_policy_document.node_assume_role_policy","module.eks.data.aws_iam_session_context.current","module.eks.data.aws_partition.current","module.eks.module.kms.aws_kms_external_key.this","module.eks.module.kms.aws_kms_key.this","module.eks.module.kms.aws_kms_replica_external_key.this","module.eks.module.kms.aws_kms_replica_key.this","module.eks.module.kms.data.aws_caller_identity.current","module.eks.module.kms.data.aws_iam_policy_document.this","module.eks.module.kms.data.aws_partition.current","module.vpc.aws_subnet.private","module.vpc.aws_vpc.this","module.vpc.aws_vpc_ipv4_cidr_block_association.this"],"create_before_destroy":true}]},{"module":"module.eks","mode":"managed","type":"aws_iam_openid_connect_provider","name":"oidc_provider","provider":"provider[\"registry.opentofu.org/hashicorp/aws\"]","instances":[{"index_key":0,"schema_version":0,"attributes":{"arn":"arn:aws:iam::330880211149:oidc-provider/oidc.eks.eu-west-2.amazonaws.com/id/797AF63B9D22ECD54A43732F3E76E4A5","client_id_list":["sts.amazonaws.com"],"id":"arn:aws:iam::330880211149:oidc-provider/oidc.eks.eu-west-2.amazonaws.com/id/797AF63B9D22ECD54A43732F3E76E4A5","tags":{"Name":"argocd-spike-cluster-eks-irsa"},"tags_all":{"Environment":"sandbox","Name":"argocd-spike-cluster-eks-irsa","Project":"argocd-spike","Terraform":"true"},"thumbprint_list":["06b25927c42a721631c1efd9431e648fa62e1e39"],"url":"oidc.eks.eu-west-2.amazonaws.com/id/797AF63B9D22ECD54A43732F3E76E4A5"},"sensitive_attributes":[],"private":"bnVsbA==","dependencies":["data.aws_availability_zones.available","module.eks.aws_cloudwatch_log_group.this","module.eks.aws_eks_cluster.this","module.eks.aws_iam_policy.cni_ipv6_policy","module.eks.aws_iam_role.eks_auto","module.eks.aws_iam_role.this","module.eks.aws_iam_role_policy_attachment.this","module.eks.aws_security_group.cluster","module.eks.aws_security_group.node","module.eks.aws_security_group_rule.cluster","module.eks.aws_security_group_rule.node","module.eks.data.aws_caller_identity.current","module.eks.data.aws_iam_policy_document.assume_role_policy","module.eks.data.aws_iam_policy_document.cni_ipv6_policy","module.eks.data.aws_iam_policy_document.node_assume_role_policy","module.eks.data.aws_iam_session_context.current","module.eks.data.aws_partition.current","module.eks.data.tls_certificate.this","module.eks.module.kms.aws_kms_external_key.this","module.eks.module.kms.aws_kms_key.this","module.eks.module.kms.aws_kms_replica_external_key.this","module.eks.module.kms.aws_kms_replica_key.this","module.eks.module.kms.data.aws_caller_identity.current","module.eks.module.kms.data.aws_iam_policy_document.this","module.eks.module.kms.data.aws_partition.current","module.vpc.aws_subnet.private","module.vpc.aws_vpc.this","module.vpc.aws_vpc_ipv4_cidr_block_association.this"]}]},{"module":"module.eks","mode":"managed","type":"aws_iam_policy","name":"cluster_encryption","provider":"provider[\"registry.opentofu.org/hashicorp/aws\"]","instances":[{"index_key":0,"schema_version":0,"attributes":{"arn":"arn:aws:iam::330880211149:policy/argocd-spike-cluster-cluster-ClusterEncryption2026022515593685410000000f","attachment_count":0,"description":"Cluster encryption policy to allow cluster role to utilize CMK provided","id":"arn:aws:iam::330880211149:policy/argocd-spike-cluster-cluster-ClusterEncryption2026022515593685410000000f","name":"argocd-spike-cluster-cluster-ClusterEncryption2026022515593685410000000f","name_prefix":"argocd-spike-cluster-cluster-ClusterEncryption","path":"/","policy":"{\"Statement\":[{\"Action\":[\"kms:Encrypt\",\"kms:Decrypt\",\"kms:ListGrants\",\"kms:DescribeKey\"],\"Effect\":\"Allow\",\"Resource\":\"arn:aws:kms:eu-west-2:330880211149:key/e127bfb6-acda-4d9e-878c-46e79b213cba\"}],\"Version\":\"2012-10-17\"}","policy_id":"ANPAU2CP7LDGTHZOHTWVU","tags":null,"tags_all":{"Environment":"sandbox","Project":"argocd-spike","Terraform":"true"}},"sensitive_attributes":[],"private":"bnVsbA==","dependencies":["module.eks.aws_iam_role.this","module.eks.data.aws_caller_identity.current","module.eks.data.aws_iam_policy_document.assume_role_policy","module.eks.data.aws_iam_session_context.current","module.eks.module.kms.aws_kms_external_key.this","module.eks.module.kms.aws_kms_key.this","module.eks.module.kms.aws_kms_replica_external_key.this","module.eks.module.kms.aws_kms_replica_key.this","module.eks.module.kms.data.aws_caller_identity.current","module.eks.module.kms.data.aws_iam_policy_document.this","module.eks.module.kms.data.aws_partition.current"]}]},{"module":"module.eks","mode":"managed","type":"aws_iam_policy","name":"cni_ipv6_policy","provider":"provider[\"registry.opentofu.org/hashicorp/aws\"]","instances":[]},{"module":"module.eks","mode":"managed","type":"aws_iam_policy","name":"custom","provider":"provider[\"registry.opentofu.org/hashicorp/aws\"]","instances":[{"index_key":0,"schema_version":0,"attributes":{"arn":"arn:aws:iam::330880211149:policy/argocd-spike-cluster-cluster-20260225155916029900000003","attachment_count":0,"description":"","id":"arn:aws:iam::330880211149:policy/argocd-spike-cluster-cluster-20260225155916029900000003","name":"argocd-spike-cluster-cluster-20260225155916029900000003","name_prefix":"argocd-spike-cluster-cluster-","path":"/","policy":"{\"Statement\":[{\"Action\":[\"ec2:RunInstances\",\"ec2:CreateLaunchTemplate\",\"ec2:CreateFleet\"],\"Condition\":{\"StringEquals\":{\"aws:RequestTag/eks:eks-cluster-name\":\"${aws:PrincipalTag/eks:eks-cluster-name}\"},\"StringLike\":{\"aws:RequestTag/eks:kubernetes-node-class-name\":\"*\",\"aws:RequestTag/eks:kubernetes-node-pool-name\":\"*\"}},\"Effect\":\"Allow\",\"Resource\":\"*\",\"Sid\":\"Compute\"},{\"Action\":[\"ec2:CreateVolume\",\"ec2:CreateSnapshot\"],\"Condition\":{\"StringEquals\":{\"aws:RequestTag/eks:eks-cluster-name\":\"${aws:PrincipalTag/eks:eks-cluster-name}\"}},\"Effect\":\"Allow\",\"Resource\":[\"arn:aws:ec2:*:*:volume/*\",\"arn:aws:ec2:*:*:snapshot/*\"],\"Sid\":\"Storage\"},{\"Action\":\"ec2:CreateNetworkInterface\",\"Condition\":{\"StringEquals\":{\"aws:RequestTag/eks:eks-cluster-name\":\"${aws:PrincipalTag/eks:eks-cluster-name}\",\"aws:RequestTag/eks:kubernetes-cni-node-name\":\"*\"}},\"Effect\":\"Allow\",\"Resource\":\"*\",\"Sid\":\"Networking\"},{\"Action\":[\"elasticloadbalancing:CreateTargetGroup\",\"elasticloadbalancing:CreateRule\",\"elasticloadbalancing:CreateLoadBalancer\",\"elasticloadbalancing:CreateListener\",\"ec2:CreateSecurityGroup\"],\"Condition\":{\"StringEquals\":{\"aws:RequestTag/eks:eks-cluster-name\":\"${aws:PrincipalTag/eks:eks-cluster-name}\"}},\"Effect\":\"Allow\",\"Resource\":\"*\",\"Sid\":\"LoadBalancer\"},{\"Action\":\"shield:CreateProtection\",\"Condition\":{\"StringEquals\":{\"aws:RequestTag/eks:eks-cluster-name\":\"${aws:PrincipalTag/eks:eks-cluster-name}\"}},\"Effect\":\"Allow\",\"Resource\":\"*\",\"Sid\":\"ShieldProtection\"},{\"Action\":\"shield:TagResource\",\"Condition\":{\"StringEquals\":{\"aws:RequestTag/eks:eks-cluster-name\":\"${aws:PrincipalTag/eks:eks-cluster-name}\"}},\"Effect\":\"Allow\",\"Resource\":\"arn:aws:shield::*:protection/*\",\"Sid\":\"ShieldTagResource\"}],\"Version\":\"2012-10-17\"}","policy_id":"ANPAU2CP7LDGSMHSZ63PD","tags":null,"tags_all":{"Environment":"sandbox","Project":"argocd-spike","Terraform":"true"}},"sensitive_attributes":[],"private":"bnVsbA==","dependencies":["module.eks.data.aws_iam_policy_document.custom","module.eks.data.aws_partition.current"]}]},{"module":"module.eks","mode":"managed","type":"aws_iam_role","name":"eks_auto","provider":"provider[\"registry.opentofu.org/hashicorp/aws\"]","instances":[]},{"module":"module.eks","mode":"managed","type":"aws_iam_role","name":"this","provider":"provider[\"registry.opentofu.org/hashicorp/aws\"]","instances":[{"index_key":0,"schema_version":0,"attributes":{"arn":"arn:aws:iam::330880211149:role/argocd-spike-cluster-cluster-20260225155916028800000002","assume_role_policy":"{\"Statement\":[{\"Action\":[\"sts:TagSession\",\"sts:AssumeRole\"],\"Effect\":\"Allow\",\"Principal\":{\"Service\":\"eks.amazonaws.com\"},\"Sid\":\"EKSClusterAssumeRole\"}],\"Version\":\"2012-10-17\"}","create_date":"2026-02-25T15:59:16Z","description":"","force_detach_policies":true,"id":"argocd-spike-cluster-cluster-20260225155916028800000002","inline_policy":[],"managed_policy_arns":[],"max_session_duration":3600,"name":"argocd-spike-cluster-cluster-20260225155916028800000002","name_prefix":"argocd-spike-cluster-cluster-","path":"/","permissions_boundary":"","tags":null,"tags_all":{"Environment":"sandbox","Project":"argocd-spike","Terraform":"true"},"unique_id":"AROAU2CP7LDG4A56WKRXS"},"sensitive_attributes":[],"private":"bnVsbA==","dependencies":["module.eks.data.aws_iam_policy_document.assume_role_policy"],"create_before_destroy":true}]},{"module":"module.eks","mode":"managed","type":"aws_iam_role_policy_attachment","name":"cluster_encryption","provider":"provider[\"registry.opentofu.org/hashicorp/aws\"]","instances":[{"index_key":0,"schema_version":0,"attributes":{"id":"argocd-spike-cluster-cluster-20260225155916028800000002-20260225155937375700000010","policy_arn":"arn:aws:iam::330880211149:policy/argocd-spike-cluster-cluster-ClusterEncryption2026022515593685410000000f","role":"argocd-spike-cluster-cluster-20260225155916028800000002"},"sensitive_attributes":[],"private":"bnVsbA==","dependencies":["module.eks.aws_iam_policy.cluster_encryption","module.eks.aws_iam_role.this","module.eks.data.aws_caller_identity.current","module.eks.data.aws_iam_policy_document.assume_role_policy","module.eks.data.aws_iam_session_context.current","module.eks.module.kms.aws_kms_external_key.this","module.eks.module.kms.aws_kms_key.this","module.eks.module.kms.aws_kms_replica_external_key.this","module.eks.module.kms.aws_kms_replica_key.this","module.eks.module.kms.data.aws_caller_identity.current","module.eks.module.kms.data.aws_iam_policy_document.this","module.eks.module.kms.data.aws_partition.current"]}]},{"module":"module.eks","mode":"managed","type":"aws_iam_role_policy_attachment","name":"custom","provider":"provider[\"registry.opentofu.org/hashicorp/aws\"]","instances":[{"index_key":0,"schema_version":0,"attributes":{"id":"argocd-spike-cluster-cluster-20260225155916028800000002-20260225155917046300000007","policy_arn":"arn:aws:iam::330880211149:policy/argocd-spike-cluster-cluster-20260225155916029900000003","role":"argocd-spike-cluster-cluster-20260225155916028800000002"},"sensitive_attributes":[],"private":"bnVsbA==","dependencies":["module.eks.aws_iam_policy.custom","module.eks.aws_iam_role.this","module.eks.data.aws_iam_policy_document.assume_role_policy","module.eks.data.aws_iam_policy_document.custom","module.eks.data.aws_partition.current"]}]},{"module":"module.eks","mode":"managed","type":"aws_iam_role_policy_attachment","name":"this","provider":"provider[\"registry.opentofu.org/hashicorp/aws\"]","instances":[{"index_key":"AmazonEKSClusterPolicy","schema_version":0,"attributes":{"id":"argocd-spike-cluster-cluster-20260225155916028800000002-20260225155917102800000008","policy_arn":"arn:aws:iam::aws:policy/AmazonEKSClusterPolicy","role":"argocd-spike-cluster-cluster-20260225155916028800000002"},"sensitive_attributes":[],"private":"bnVsbA==","dependencies":["module.eks.aws_iam_role.this","module.eks.data.aws_iam_policy_document.assume_role_policy","module.eks.data.aws_partition.current"],"create_before_destroy":true},{"index_key":"AmazonEKSVPCResourceController","schema_version":0,"attributes":{"id":"argocd-spike-cluster-cluster-20260225155916028800000002-20260225155917145700000009","policy_arn":"arn:aws:iam::aws:policy/AmazonEKSVPCResourceController","role":"argocd-spike-cluster-cluster-20260225155916028800000002"},"sensitive_attributes":[],"private":"bnVsbA==","dependencies":["module.eks.aws_iam_role.this","module.eks.data.aws_iam_policy_document.assume_role_policy","module.eks.data.aws_partition.current"],"create_before_destroy":true}]},{"module":"module.eks","mode":"managed","type":"aws_security_group","name":"cluster","provider":"provider[\"registry.opentofu.org/hashicorp/aws\"]","instances":[{"index_key":0,"schema_version":1,"attributes":{"arn":"arn:aws:ec2:eu-west-2:330880211149:security-group/sg-09deb9a2cfa83379f","description":"EKS cluster security group","egress":[],"id":"sg-09deb9a2cfa83379f","ingress":[],"name":"argocd-spike-cluster-cluster-2026022515592757710000000c","name_prefix":"argocd-spike-cluster-cluster-","owner_id":"330880211149","revoke_rules_on_delete":false,"tags":{"Name":"argocd-spike-cluster-cluster"},"tags_all":{"Environment":"sandbox","Name":"argocd-spike-cluster-cluster","Project":"argocd-spike","Terraform":"true"},"timeouts":null,"vpc_id":"vpc-022e2b2c1e67b724f"},"sensitive_attributes":[],"private":"eyJlMmJmYjczMC1lY2FhLTExZTYtOGY4OC0zNDM2M2JjN2M0YzAiOnsiY3JlYXRlIjo2MDAwMDAwMDAwMDAsImRlbGV0ZSI6OTAwMDAwMDAwMDAwfSwic2NoZW1hX3ZlcnNpb24iOiIxIn0=","dependencies":["module.vpc.aws_vpc.this"],"create_before_destroy":true}]},{"module":"module.eks","mode":"managed","type":"aws_security_group","name":"node","provider":"provider[\"registry.opentofu.org/hashicorp/aws\"]","instances":[{"index_key":0,"schema_version":1,"attributes":{"arn":"arn:aws:ec2:eu-west-2:330880211149:security-group/sg-045d98c26bd57fdf0","description":"EKS node shared security group","egress":[],"id":"sg-045d98c26bd57fdf0","ingress":[],"name":"argocd-spike-cluster-node-2026022515592813820000000d","name_prefix":"argocd-spike-cluster-node-","owner_id":"330880211149","revoke_rules_on_delete":false,"tags":{"Name":"argocd-spike-cluster-node","kubernetes.io/cluster/argocd-spike-cluster":"owned"},"tags_all":{"Environment":"sandbox","Name":"argocd-spike-cluster-node","Project":"argocd-spike","Terraform":"true","kubernetes.io/cluster/argocd-spike-cluster":"owned"},"timeouts":null,"vpc_id":"vpc-022e2b2c1e67b724f"},"sensitive_attributes":[],"private":"eyJlMmJmYjczMC1lY2FhLTExZTYtOGY4OC0zNDM2M2JjN2M0YzAiOnsiY3JlYXRlIjo2MDAwMDAwMDAwMDAsImRlbGV0ZSI6OTAwMDAwMDAwMDAwfSwic2NoZW1hX3ZlcnNpb24iOiIxIn0=","dependencies":["module.vpc.aws_vpc.this"],"create_before_destroy":true}]},{"module":"module.eks","mode":"managed","type":"aws_security_group_rule","name":"cluster","provider":"provider[\"registry.opentofu.org/hashicorp/aws\"]","instances":[{"index_key":"ingress_nodes_443","schema_version":2,"attributes":{"cidr_blocks":null,"description":"Node groups to cluster API","from_port":443,"id":"sgrule-3322941817","ipv6_cidr_blocks":null,"prefix_list_ids":null,"protocol":"tcp","security_group_id":"sg-09deb9a2cfa83379f","security_group_rule_id":"sgr-0294ca3671c35e9bb","self":false,"source_security_group_id":"sg-045d98c26bd57fdf0","timeouts":null,"to_port":443,"type":"ingress"},"sensitive_attributes":[],"private":"eyJlMmJmYjczMC1lY2FhLTExZTYtOGY4OC0zNDM2M2JjN2M0YzAiOnsiY3JlYXRlIjozMDAwMDAwMDAwMDB9LCJzY2hlbWFfdmVyc2lvbiI6IjIifQ==","dependencies":["module.eks.aws_security_group.cluster","module.eks.aws_security_group.node","module.vpc.aws_vpc.this"],"create_before_destroy":true}]},{"module":"module.eks","mode":"managed","type":"aws_security_group_rule","name":"node","provider":"provider[\"registry.opentofu.org/hashicorp/aws\"]","instances":[{"index_key":"egress_all","schema_version":2,"attributes":{"cidr_blocks":["0.0.0.0/0"],"description":"Allow all egress","from_port":0,"id":"sgrule-3459979773","ipv6_cidr_blocks":null,"prefix_list_ids":[],"protocol":"-1","security_group_id":"sg-045d98c26bd57fdf0","security_group_rule_id":"sgr-026b6c1a8ca14ff93","self":false,"source_security_group_id":null,"timeouts":null,"to_port":0,"type":"egress"},"sensitive_attributes":[],"private":"eyJlMmJmYjczMC1lY2FhLTExZTYtOGY4OC0zNDM2M2JjN2M0YzAiOnsiY3JlYXRlIjozMDAwMDAwMDAwMDB9LCJzY2hlbWFfdmVyc2lvbiI6IjIifQ==","dependencies":["module.eks.aws_security_group.cluster","module.eks.aws_security_group.node","module.vpc.aws_vpc.this"],"create_before_destroy":true},{"index_key":"ingress_cluster_443","schema_version":2,"attributes":{"cidr_blocks":null,"description":"Cluster API to node groups","from_port":443,"id":"sgrule-2051276008","ipv6_cidr_blocks":null,"prefix_list_ids":[],"protocol":"tcp","security_group_id":"sg-045d98c26bd57fdf0","security_group_rule_id":"sgr-09e683eb47df25de4","self":false,"source_security_group_id":"sg-09deb9a2cfa83379f","timeouts":null,"to_port":443,"type":"ingress"},"sensitive_attributes":[],"private":"eyJlMmJmYjczMC1lY2FhLTExZTYtOGY4OC0zNDM2M2JjN2M0YzAiOnsiY3JlYXRlIjozMDAwMDAwMDAwMDB9LCJzY2hlbWFfdmVyc2lvbiI6IjIifQ==","dependencies":["module.eks.aws_security_group.cluster","module.eks.aws_security_group.node","module.vpc.aws_vpc.this"],"create_before_destroy":true},{"index_key":"ingress_cluster_4443_webhook","schema_version":2,"attributes":{"cidr_blocks":null,"description":"Cluster API to node 4443/tcp webhook","from_port":4443,"id":"sgrule-3807030383","ipv6_cidr_blocks":null,"prefix_list_ids":[],"protocol":"tcp","security_group_id":"sg-045d98c26bd57fdf0","security_group_rule_id":"sgr-06db14d5aeefdfad4","self":false,"source_security_group_id":"sg-09deb9a2cfa83379f","timeouts":null,"to_port":4443,"type":"ingress"},"sensitive_attributes":[],"private":"eyJlMmJmYjczMC1lY2FhLTExZTYtOGY4OC0zNDM2M2JjN2M0YzAiOnsiY3JlYXRlIjozMDAwMDAwMDAwMDB9LCJzY2hlbWFfdmVyc2lvbiI6IjIifQ==","dependencies":["module.eks.aws_security_group.cluster","module.eks.aws_security_group.node","module.vpc.aws_vpc.this"],"create_before_destroy":true},{"index_key":"ingress_cluster_6443_webhook","schema_version":2,"attributes":{"cidr_blocks":null,"description":"Cluster API to node 6443/tcp webhook","from_port":6443,"id":"sgrule-732482553","ipv6_cidr_blocks":null,"prefix_list_ids":[],"protocol":"tcp","security_group_id":"sg-045d98c26bd57fdf0","security_group_rule_id":"sgr-0f97d34b6e84f718e","self":false,"source_security_group_id":"sg-09deb9a2cfa83379f","timeouts":null,"to_port":6443,"type":"ingress"},"sensitive_attributes":[],"private":"eyJlMmJmYjczMC1lY2FhLTExZTYtOGY4OC0zNDM2M2JjN2M0YzAiOnsiY3JlYXRlIjozMDAwMDAwMDAwMDB9LCJzY2hlbWFfdmVyc2lvbiI6IjIifQ==","dependencies":["module.eks.aws_security_group.cluster","module.eks.aws_security_group.node","module.vpc.aws_vpc.this"],"create_before_destroy":true},{"index_key":"ingress_cluster_8443_webhook","schema_version":2,"attributes":{"cidr_blocks":null,"description":"Cluster API to node 8443/tcp webhook","from_port":8443,"id":"sgrule-955578328","ipv6_cidr_blocks":null,"prefix_list_ids":[],"protocol":"tcp","security_group_id":"sg-045d98c26bd57fdf0","security_group_rule_id":"sgr-0c28cc20501b38d9f","self":false,"source_security_group_id":"sg-09deb9a2cfa83379f","timeouts":null,"to_port":8443,"type":"ingress"},"sensitive_attributes":[],"private":"eyJlMmJmYjczMC1lY2FhLTExZTYtOGY4OC0zNDM2M2JjN2M0YzAiOnsiY3JlYXRlIjozMDAwMDAwMDAwMDB9LCJzY2hlbWFfdmVyc2lvbiI6IjIifQ==","dependencies":["module.eks.aws_security_group.cluster","module.eks.aws_security_group.node","module.vpc.aws_vpc.this"],"create_before_destroy":true},{"index_key":"ingress_cluster_9443_webhook","schema_version":2,"attributes":{"cidr_blocks":null,"description":"Cluster API to node 9443/tcp webhook","from_port":9443,"id":"sgrule-1549124627","ipv6_cidr_blocks":null,"prefix_list_ids":[],"protocol":"tcp","security_group_id":"sg-045d98c26bd57fdf0","security_group_rule_id":"sgr-0e9ce4e969051afe1","self":false,"source_security_group_id":"sg-09deb9a2cfa83379f","timeouts":null,"to_port":9443,"type":"ingress"},"sensitive_attributes":[],"private":"eyJlMmJmYjczMC1lY2FhLTExZTYtOGY4OC0zNDM2M2JjN2M0YzAiOnsiY3JlYXRlIjozMDAwMDAwMDAwMDB9LCJzY2hlbWFfdmVyc2lvbiI6IjIifQ==","dependencies":["module.eks.aws_security_group.cluster","module.eks.aws_security_group.node","module.vpc.aws_vpc.this"],"create_before_destroy":true},{"index_key":"ingress_cluster_kubelet","schema_version":2,"attributes":{"cidr_blocks":null,"description":"Cluster API to node kubelets","from_port":10250,"id":"sgrule-1176878128","ipv6_cidr_blocks":null,"prefix_list_ids":[],"protocol":"tcp","security_group_id":"sg-045d98c26bd57fdf0","security_group_rule_id":"sgr-08d419022ec015b4f","self":false,"source_security_group_id":"sg-09deb9a2cfa83379f","timeouts":null,"to_port":10250,"type":"ingress"},"sensitive_attributes":[],"private":"eyJlMmJmYjczMC1lY2FhLTExZTYtOGY4OC0zNDM2M2JjN2M0YzAiOnsiY3JlYXRlIjozMDAwMDAwMDAwMDB9LCJzY2hlbWFfdmVyc2lvbiI6IjIifQ==","dependencies":["module.eks.aws_security_group.cluster","module.eks.aws_security_group.node","module.vpc.aws_vpc.this"],"create_before_destroy":true},{"index_key":"ingress_nodes_ephemeral","schema_version":2,"attributes":{"cidr_blocks":null,"description":"Node to node ingress on ephemeral ports","from_port":1025,"id":"sgrule-868055459","ipv6_cidr_blocks":null,"prefix_list_ids":[],"protocol":"tcp","security_group_id":"sg-045d98c26bd57fdf0","security_group_rule_id":"sgr-0869b1ce0a4faa92c","self":true,"source_security_group_id":null,"timeouts":null,"to_port":65535,"type":"ingress"},"sensitive_attributes":[],"private":"eyJlMmJmYjczMC1lY2FhLTExZTYtOGY4OC0zNDM2M2JjN2M0YzAiOnsiY3JlYXRlIjozMDAwMDAwMDAwMDB9LCJzY2hlbWFfdmVyc2lvbiI6IjIifQ==","dependencies":["module.eks.aws_security_group.cluster","module.eks.aws_security_group.node","module.vpc.aws_vpc.this"],"create_before_destroy":true},{"index_key":"ingress_self_coredns_tcp","schema_version":2,"attributes":{"cidr_blocks":null,"description":"Node to node CoreDNS","from_port":53,"id":"sgrule-3794810256","ipv6_cidr_blocks":null,"prefix_list_ids":[],"protocol":"tcp","security_group_id":"sg-045d98c26bd57fdf0","security_group_rule_id":"sgr-00cb97eb1ac5cebef","self":true,"source_security_group_id":null,"timeouts":null,"to_port":53,"type":"ingress"},"sensitive_attributes":[],"private":"eyJlMmJmYjczMC1lY2FhLTExZTYtOGY4OC0zNDM2M2JjN2M0YzAiOnsiY3JlYXRlIjozMDAwMDAwMDAwMDB9LCJzY2hlbWFfdmVyc2lvbiI6IjIifQ==","dependencies":["module.eks.aws_security_group.cluster","module.eks.aws_security_group.node","module.vpc.aws_vpc.this"],"create_before_destroy":true},{"index_key":"ingress_self_coredns_udp","schema_version":2,"attributes":{"cidr_blocks":null,"description":"Node to node CoreDNS UDP","from_port":53,"id":"sgrule-1181718143","ipv6_cidr_blocks":null,"prefix_list_ids":[],"protocol":"udp","security_group_id":"sg-045d98c26bd57fdf0","security_group_rule_id":"sgr-09658382788194691","self":true,"source_security_group_id":null,"timeouts":null,"to_port":53,"type":"ingress"},"sensitive_attributes":[],"private":"eyJlMmJmYjczMC1lY2FhLTExZTYtOGY4OC0zNDM2M2JjN2M0YzAiOnsiY3JlYXRlIjozMDAwMDAwMDAwMDB9LCJzY2hlbWFfdmVyc2lvbiI6IjIifQ==","dependencies":["module.eks.aws_security_group.cluster","module.eks.aws_security_group.node","module.vpc.aws_vpc.this"],"create_before_destroy":true}]},{"module":"module.eks","mode":"managed","type":"time_sleep","name":"this","provider":"provider[\"registry.opentofu.org/hashicorp/time\"]","instances":[{"index_key":0,"schema_version":0,"attributes":{"create_duration":"30s","destroy_duration":null,"id":"2026-02-25T16:09:41Z","triggers":{"cluster_certificate_authority_data":"LS0tLS1CRUdJTiBDRVJUSUZJQ0FURS0tLS0tCk1JSURCVENDQWUyZ0F3SUJBZ0lJQ3BHR0l3dVd3WlF3RFFZSktvWklodmNOQVFFTEJRQXdGVEVUTUJFR0ExVUUKQXhNS2EzVmlaWEp1WlhSbGN6QWVGdzB5TmpBeU1qVXhOakF3TVRGYUZ3MHpOakF5TWpNeE5qQTFNVEZhTUJVeApFekFSQmdOVkJBTVRDbXQxWW1WeWJtVjBaWE13Z2dFaU1BMEdDU3FHU0liM0RRRUJBUVVBQTRJQkR3QXdnZ0VLCkFvSUJBUURBOWJKUVNDbDY1cEpITS85TTlBTUtLRWJLNXlLWCtNRjN5UkhJS2dxeHVaUytyd1hCY3h6MUh4SWsKaGF5bFZQZS9ScUw2Q1JRbEc1NVd2bytYN3hvNEpqVlZVRU5obXkrYnM1d3Z5Z2pFSENoVkxhcWNwbWZZZXY5YgpMeksxNUNyZjQvK1ByWlZTZXoyMDlsUDErSXpEY0tNR0cwM3RSZVd0a1Fld2xMbDBPcmlBYS9MWGJNMHE1eWo3Cjh6dkxXVVNRcldpVFRzdzNROGpTWWgwMXFyV2UwaUszbzBEbnZNbDFWbkZicU8zMUlPU0ZkQVJScmJjYjRCUmsKaURzT0FLRnJYNnJnaDFjdCtTN1dQclZvZ0R0SEptdHZVdGl4djNZdHI3YzVJakhKT2JPc1c4SGJmUVJtMnNzWQowUnVwL1JDNmVaRk1yU1JEM2tSZ2Z5TmpVWTE1QWdNQkFBR2pXVEJYTUE0R0ExVWREd0VCL3dRRUF3SUNwREFQCkJnTlZIUk1CQWY4RUJUQURBUUgvTUIwR0ExVWREZ1FXQkJTMkMrNmdoK2x1TEk2b0U1aExLaWREdENPc056QVYKQmdOVkhSRUVEakFNZ2dwcmRXSmxjbTVsZEdWek1BMEdDU3FHU0liM0RRRUJDd1VBQTRJQkFRQnRHUFdCVzVJUApXM3lFcWRReURHNE0yU3pidys2a21aR3pUV3ZINFVyOUpnTEJQcW9FQmhKanl5UUpmSmxGMGF3UEpOcm1aMjNDCkFXanFoMDFZYVhTdlgvY0hLalZjYzVOYmkySE4zaWNnVkpPWUlCVWN1VVUydjkvaXBzbVdRSSsxbEx3dVMvWmMKRnhOMzcwRzlyVXcxNnJvaDlRME1LWU5sb2ZnU00vNTBrWHMzcmRNazZjSG5GSkpDN2RlQlpULzNEQ004cGgzcwo0VnB5dHlua1RZN21OcnFvVGNieVpHSk9Qd0VkRU9PS3RjbENVdTBNYmhQVjNvWWFyZ2RydThYN3NuTFdIdUJoCm41ZHpTUnUxVnR6OXZzL2tCVDM4MFVmMmU2MnlxMCtkVGI0dmpCcW56R0pmbm9ENkwvbnNCcFdIdyt1WnRMM2YKZGQxRFZ2a29VNDZPCi0tLS0tRU5EIENFUlRJRklDQVRFLS0tLS0K","cluster_endpoint":"https://797AF63B9D22ECD54A43732F3E76E4A5.gr7.eu-west-2.eks.amazonaws.com","cluster_name":"argocd-spike-cluster","cluster_service_cidr":"172.20.0.0/16","cluster_version":"1.29"}},"sensitive_attributes":[],"dependencies":["data.aws_availability_zones.available","module.eks.aws_cloudwatch_log_group.this","module.eks.aws_eks_cluster.this","module.eks.aws_iam_policy.cni_ipv6_policy","module.eks.aws_iam_role.eks_auto","module.eks.aws_iam_role.this","module.eks.aws_iam_role_policy_attachment.this","module.eks.aws_security_group.cluster","module.eks.aws_security_group.node","module.eks.aws_security_group_rule.cluster","module.eks.aws_security_group_rule.node","module.eks.data.aws_caller_identity.current","module.eks.data.aws_iam_policy_document.assume_role_policy","module.eks.data.aws_iam_policy_document.cni_ipv6_policy","module.eks.data.aws_iam_policy_document.node_assume_role_policy","module.eks.data.aws_iam_session_context.current","module.eks.data.aws_partition.current","module.eks.module.kms.aws_kms_external_key.this","module.eks.module.kms.aws_kms_key.this","module.eks.module.kms.aws_kms_replica_external_key.this","module.eks.module.kms.aws_kms_replica_key.this","module.eks.module.kms.data.aws_caller_identity.current","module.eks.module.kms.data.aws_iam_policy_document.this","module.eks.module.kms.data.aws_partition.current","module.vpc.aws_subnet.private","module.vpc.aws_vpc.this","module.vpc.aws_vpc_ipv4_cidr_block_association.this"],"create_before_destroy":true}]},{"module":"module.eks.module.eks_managed_node_group[\"default\"]","mode":"data","type":"aws_caller_identity","name":"current","provider":"provider[\"registry.opentofu.org/hashicorp/aws\"]","instances":[{"schema_version":0,"attributes":{"account_id":"330880211149","arn":"arn:aws:sts::330880211149:assumed-role/AWSReservedSSO_AdministratorAccess_7273a52ad7fb0ef4/harry@footprintit.net","id":"330880211149","user_id":"AROAU2CP7LDGRSPAR6HC2:harry@footprintit.net"},"sensitive_attributes":[]}]},{"module":"module.eks.module.eks_managed_node_group[\"default\"]","mode":"data","type":"aws_ec2_instance_type","name":"this","provider":"provider[\"registry.opentofu.org/hashicorp/aws\"]","instances":[]},{"module":"module.eks.module.eks_managed_node_group[\"default\"]","mode":"data","type":"aws_ec2_instance_type_offerings","name":"this","provider":"provider[\"registry.opentofu.org/hashicorp/aws\"]","instances":[]},{"module":"module.eks.module.eks_managed_node_group[\"default\"]","mode":"data","type":"aws_iam_policy_document","name":"assume_role_policy","provider":"provider[\"registry.opentofu.org/hashicorp/aws\"]","instances":[{"index_key":0,"schema_version":0,"attributes":{"id":"2560088296","json":"{\n  \"Version\": \"2012-10-17\",\n  \"Statement\": [\n    {\n      \"Sid\": \"EKSNodeAssumeRole\",\n      \"Effect\": \"Allow\",\n      \"Action\": \"sts:AssumeRole\",\n      \"Principal\": {\n        \"Service\": \"ec2.amazonaws.com\"\n      }\n    }\n  ]\n}","minified_json":"{\"Version\":\"2012-10-17\",\"Statement\":[{\"Sid\":\"EKSNodeAssumeRole\",\"Effect\":\"Allow\",\"Action\":\"sts:AssumeRole\",\"Principal\":{\"Service\":\"ec2.amazonaws.com\"}}]}","override_json":null,"override_policy_documents":null,"policy_id":null,"source_json":null,"source_policy_documents":null,"statement":[{"actions":["sts:AssumeRole"],"condition":[],"effect":"Allow","not_actions":[],"not_principals":[],"not_resources":[],"principals":[{"identifiers":["ec2.amazonaws.com"],"type":"Service"}],"resources":[],"sid":"EKSNodeAssumeRole"}],"version":"2012-10-17"},"sensitive_attributes":[]}]},{"module":"module.eks.module.eks_managed_node_group[\"default\"]","mode":"data","type":"aws_partition","name":"current","provider":"provider[\"registry.opentofu.org/hashicorp/aws\"]","instances":[{"schema_version":0,"attributes":{"dns_suffix":"amazonaws.com","id":"aws","partition":"aws","reverse_dns_prefix":"com.amazonaws"},"sensitive_attributes":[]}]},{"module":"module.eks.module.eks_managed_node_group[\"default\"]","mode":"data","type":"aws_ssm_parameter","name":"ami","provider":"provider[\"registry.opentofu.org/hashicorp/aws\"]","instances":[]},{"module":"module.eks.module.eks_managed_node_group[\"default\"]","mode":"data","type":"aws_subnets","name":"placement_group","provider":"provider[\"registry.opentofu.org/hashicorp/aws\"]","instances":[]},{"module":"module.eks.module.eks_managed_node_group[\"default\"]","mode":"managed","type":"aws_autoscaling_schedule","name":"this","provider":"provider[\"registry.opentofu.org/hashicorp/aws\"]","instances":[]},{"module":"module.eks.module.eks_managed_node_group[\"default\"]","mode":"managed","type":"aws_eks_node_group","name":"this","provider":"provider[\"registry.opentofu.org/hashicorp/aws\"]","instances":[{"index_key":0,"schema_version":0,"attributes":{"ami_type":"AL2_x86_64","arn":"arn:aws:eks:eu-west-2:330880211149:nodegroup/argocd-spike-cluster/default-node-group-20260225160946788900000013/4ece4ac8-2429-b105-ef08-d4c13cd547c4","capacity_type":"ON_DEMAND","cluster_name":"argocd-spike-cluster","disk_size":0,"force_update_version":null,"id":"argocd-spike-cluster:default-node-group-20260225160946788900000013","instance_types":["t3.medium"],"labels":null,"launch_template":[{"id":"lt-0635499b756b219c0","name":"default-20260225160941147300000011","version":"1"}],"node_group_name":"default-node-group-20260225160946788900000013","node_group_name_prefix":"default-node-group-","node_repair_config":[],"node_role_arn":"arn:aws:iam::330880211149:role/default-node-group-eks-node-group-20260225155916028200000001","release_version":"1.29.15-20251209","remote_access":[],"resources":[{"autoscaling_groups":[{"name":"eks-default-node-group-20260225160946788900000013-4ece4ac8-2429-b105-ef08-d4c13cd547c4"}],"remote_access_security_group_id":""}],"scaling_config":[{"desired_size":1,"max_size":2,"min_size":1}],"status":"ACTIVE","subnet_ids":["subnet-0eb584bf324a64d09","subnet-0f4c14f78f0a78dda","subnet-0f51e8c7f37a55ec7"],"tags":{"Name":"default-node-group"},"tags_all":{"Environment":"sandbox","Name":"default-node-group","Project":"argocd-spike","Terraform":"true"},"taint":[],"timeouts":{"create":null,"delete":null,"update":null},"update_config":[{"max_unavailable":0,"max_unavailable_percentage":33}],"version":"1.29"},"sensitive_attributes":[],"private":"eyJlMmJmYjczMC1lY2FhLTExZTYtOGY4OC0zNDM2M2JjN2M0YzAiOnsiY3JlYXRlIjozNjAwMDAwMDAwMDAwLCJkZWxldGUiOjM2MDAwMDAwMDAwMDAsInVwZGF0ZSI6MzYwMDAwMDAwMDAwMH19","dependencies":["data.aws_availability_zones.available","module.eks.aws_cloudwatch_log_group.this","module.eks.aws_eks_cluster.this","module.eks.aws_iam_policy.cni_ipv6_policy","module.eks.aws_iam_role.eks_auto","module.eks.aws_iam_role.this","module.eks.aws_iam_role_policy_attachment.this","module.eks.aws_security_group.cluster","module.eks.aws_security_group.node","module.eks.aws_security_group_rule.cluster","module.eks.aws_security_group_rule.node","module.eks.data.aws_caller_identity.current","module.eks.data.aws_iam_policy_document.assume_role_policy","module.eks.data.aws_iam_policy_document.cni_ipv6_policy","module.eks.data.aws_iam_policy_document.node_assume_role_policy","module.eks.data.aws_iam_session_context.current","module.eks.data.aws_partition.current","module.eks.module.eks_managed_node_group.aws_iam_role.this","module.eks.module.eks_managed_node_group.aws_iam_role_policy_attachment.additional","module.eks.module.eks_managed_node_group.aws_iam_role_policy_attachment.this","module.eks.module.eks_managed_node_group.aws_launch_template.this","module.eks.module.eks_managed_node_group.aws_placement_group.this","module.eks.module.eks_managed_node_group.data.aws_caller_identity.current","module.eks.module.eks_managed_node_group.data.aws_ec2_instance_type.this","module.eks.module.eks_managed_node_group.data.aws_ec2_instance_type_offerings.this","module.eks.module.eks_managed_node_group.data.aws_iam_policy_document.assume_role_policy","module.eks.module.eks_managed_node_group.data.aws_partition.current","module.eks.module.eks_managed_node_group.data.aws_ssm_parameter.ami","module.eks.module.eks_managed_node_group.data.aws_subnets.placement_group","module.eks.module.eks_managed_node_group.module.user_data.data.cloudinit_config.al2023_eks_managed_node_group","module.eks.module.eks_managed_node_group.module.user_data.data.cloudinit_config.linux_eks_managed_node_group","module.eks.module.kms.aws_kms_external_key.this","module.eks.module.kms.aws_kms_key.this","module.eks.module.kms.aws_kms_replica_external_key.this","module.eks.module.kms.aws_kms_replica_key.this","module.eks.module.kms.data.aws_caller_identity.current","module.eks.module.kms.data.aws_iam_policy_document.this","module.eks.module.kms.data.aws_partition.current","module.eks.time_sleep.this","module.vpc.aws_subnet.private","module.vpc.aws_vpc.this","module.vpc.aws_vpc_ipv4_cidr_block_association.this"],"create_before_destroy":true}]},{"module":"module.eks.module.eks_managed_node_group[\"default\"]","mode":"managed","type":"aws_iam_role","name":"this","provider":"provider[\"registry.opentofu.org/hashicorp/aws\"]","instances":[{"index_key":0,"schema_version":0,"attributes":{"arn":"arn:aws:iam::330880211149:role/default-node-group-eks-node-group-20260225155916028200000001","assume_role_policy":"{\"Statement\":[{\"Action\":\"sts:AssumeRole\",\"Effect\":\"Allow\",\"Principal\":{\"Service\":\"ec2.amazonaws.com\"},\"Sid\":\"EKSNodeAssumeRole\"}],\"Version\":\"2012-10-17\"}","create_date":"2026-02-25T15:59:16Z","description":"EKS managed node group IAM role","force_detach_policies":true,"id":"default-node-group-eks-node-group-20260225155916028200000001","inline_policy":[],"managed_policy_arns":[],"max_session_duration":3600,"name":"default-node-group-eks-node-group-20260225155916028200000001","name_prefix":"default-node-group-eks-node-group-","path":"/","permissions_boundary":"","tags":null,"tags_all":{"Environment":"sandbox","Project":"argocd-spike","Terraform":"true"},"unique_id":"AROAU2CP7LDGZ6I2B7CYO"},"sensitive_attributes":[],"private":"bnVsbA==","dependencies":["module.eks.module.eks_managed_node_group.data.aws_iam_policy_document.assume_role_policy"],"create_before_destroy":true}]},{"module":"module.eks.module.eks_managed_node_group[\"default\"]","mode":"managed","type":"aws_iam_role_policy_attachment","name":"additional","provider":"provider[\"registry.opentofu.org/hashicorp/aws\"]","instances":[]},{"module":"module.eks.module.eks_managed_node_group[\"default\"]","mode":"managed","type":"aws_iam_role_policy_attachment","name":"this","provider":"provider[\"registry.opentofu.org/hashicorp/aws\"]","instances":[{"index_key":"AmazonEC2ContainerRegistryReadOnly","schema_version":0,"attributes":{"id":"default-node-group-eks-node-group-20260225155916028200000001-20260225155916951500000005","policy_arn":"arn:aws:iam::aws:policy/AmazonEC2ContainerRegistryReadOnly","role":"default-node-group-eks-node-group-20260225155916028200000001"},"sensitive_attributes":[],"private":"bnVsbA==","dependencies":["module.eks.module.eks_managed_node_group.aws_iam_role.this","module.eks.module.eks_managed_node_group.data.aws_caller_identity.current","module.eks.module.eks_managed_node_group.data.aws_iam_policy_document.assume_role_policy","module.eks.module.eks_managed_node_group.data.aws_partition.current"],"create_before_destroy":true},{"index_key":"AmazonEKSWorkerNodePolicy","schema_version":0,"attributes":{"id":"default-node-group-eks-node-group-20260225155916028200000001-20260225155916965400000006","policy_arn":"arn:aws:iam::aws:policy/AmazonEKSWorkerNodePolicy","role":"default-node-group-eks-node-group-20260225155916028200000001"},"sensitive_attributes":[],"private":"bnVsbA==","dependencies":["module.eks.module.eks_managed_node_group.aws_iam_role.this","module.eks.module.eks_managed_node_group.data.aws_caller_identity.current","module.eks.module.eks_managed_node_group.data.aws_iam_policy_document.assume_role_policy","module.eks.module.eks_managed_node_group.data.aws_partition.current"],"create_before_destroy":true},{"index_key":"AmazonEKS_CNI_Policy","schema_version":0,"attributes":{"id":"default-node-group-eks-node-group-20260225155916028200000001-20260225155916916000000004","policy_arn":"arn:aws:iam::aws:policy/AmazonEKS_CNI_Policy","role":"default-node-group-eks-node-group-20260225155916028200000001"},"sensitive_attributes":[],"private":"bnVsbA==","dependencies":["module.eks.module.eks_managed_node_group.aws_iam_role.this","module.eks.module.eks_managed_node_group.data.aws_caller_identity.current","module.eks.module.eks_managed_node_group.data.aws_iam_policy_document.assume_role_policy","module.eks.module.eks_managed_node_group.data.aws_partition.current"],"create_before_destroy":true}]},{"module":"module.eks.module.eks_managed_node_group[\"default\"]","mode":"managed","type":"aws_launch_template","name":"this","provider":"provider[\"registry.opentofu.org/hashicorp/aws\"]","instances":[{"index_key":0,"schema_version":0,"attributes":{"arn":"arn:aws:ec2:eu-west-2:330880211149:launch-template/lt-0635499b756b219c0","block_device_mappings":[],"capacity_reservation_specification":[],"cpu_options":[],"credit_specification":[],"default_version":1,"description":"Custom launch template for default-node-group EKS managed node group","disable_api_stop":false,"disable_api_termination":false,"ebs_optimized":"","elastic_gpu_specifications":[],"elastic_inference_accelerator":[],"enclave_options":[],"hibernation_options":[],"iam_instance_profile":[],"id":"lt-0635499b756b219c0","image_id":"","instance_initiated_shutdown_behavior":"","instance_market_options":[],"instance_requirements":[],"instance_type":"","kernel_id":"","key_name":"","latest_version":1,"license_specification":[],"maintenance_options":[],"metadata_options":[{"http_endpoint":"enabled","http_protocol_ipv6":"","http_put_response_hop_limit":2,"http_tokens":"required","instance_metadata_tags":""}],"monitoring":[{"enabled":true}],"name":"default-20260225160941147300000011","name_prefix":"default-","network_interfaces":[],"placement":[],"private_dns_name_options":[],"ram_disk_id":"","security_group_names":null,"tag_specifications":[{"resource_type":"instance","tags":{"Name":"default-node-group"}},{"resource_type":"network-interface","tags":{"Name":"default-node-group"}},{"resource_type":"volume","tags":{"Name":"default-node-group"}}],"tags":null,"tags_all":{"Environment":"sandbox","Project":"argocd-spike","Terraform":"true"},"update_default_version":true,"user_data":"","vpc_security_group_ids":["sg-045d98c26bd57fdf0"]},"sensitive_attributes":[],"private":"bnVsbA==","dependencies":["data.aws_availability_zones.available","module.eks.aws_cloudwatch_log_group.this","module.eks.aws_eks_cluster.this","module.eks.aws_iam_policy.cni_ipv6_policy","module.eks.aws_iam_role.eks_auto","module.eks.aws_iam_role.this","module.eks.aws_iam_role_policy_attachment.this","module.eks.aws_security_group.cluster","module.eks.aws_security_group.node","module.eks.aws_security_group_rule.cluster","module.eks.aws_security_group_rule.node","module.eks.data.aws_caller_identity.current","module.eks.data.aws_iam_policy_document.assume_role_policy","module.eks.data.aws_iam_policy_document.cni_ipv6_policy","module.eks.data.aws_iam_policy_document.node_assume_role_policy","module.eks.data.aws_iam_session_context.current","module.eks.data.aws_partition.current","module.eks.module.eks_managed_node_group.aws_iam_role.this","module.eks.module.eks_managed_node_group.aws_iam_role_policy_attachment.additional","module.eks.module.eks_managed_node_group.aws_iam_role_policy_attachment.this","module.eks.module.eks_managed_node_group.aws_placement_group.this","module.eks.module.eks_managed_node_group.data.aws_caller_identity.current","module.eks.module.eks_managed_node_group.data.aws_ec2_instance_type.this","module.eks.module.eks_managed_node_group.data.aws_iam_policy_document.assume_role_policy","module.eks.module.eks_managed_node_group.data.aws_partition.current","module.eks.module.eks_managed_node_group.module.user_data.data.cloudinit_config.al2023_eks_managed_node_group","module.eks.module.eks_managed_node_group.module.user_data.data.cloudinit_config.linux_eks_managed_node_group","module.eks.module.kms.aws_kms_external_key.this","module.eks.module.kms.aws_kms_key.this","module.eks.module.kms.aws_kms_replica_external_key.this","module.eks.module.kms.aws_kms_replica_key.this","module.eks.module.kms.data.aws_caller_identity.current","module.eks.module.kms.data.aws_iam_policy_document.this","module.eks.module.kms.data.aws_partition.current","module.eks.time_sleep.this","module.vpc.aws_subnet.private","module.vpc.aws_vpc.this","module.vpc.aws_vpc_ipv4_cidr_block_association.this"],"create_before_destroy":true}]},{"module":"module.eks.module.eks_managed_node_group[\"default\"]","mode":"managed","type":"aws_placement_group","name":"this","provider":"provider[\"registry.opentofu.org/hashicorp/aws\"]","instances":[]},{"module":"module.eks.module.eks_managed_node_group[\"default\"].module.user_data","mode":"data","type":"cloudinit_config","name":"al2023_eks_managed_node_group","provider":"provider[\"registry.opentofu.org/hashicorp/cloudinit\"]","instances":[]},{"module":"module.eks.module.eks_managed_node_group[\"default\"].module.user_data","mode":"data","type":"cloudinit_config","name":"linux_eks_managed_node_group","provider":"provider[\"registry.opentofu.org/hashicorp/cloudinit\"]","instances":[]},{"module":"module.eks.module.eks_managed_node_group[\"default\"].module.user_data","mode":"managed","type":"null_resource","name":"validate_cluster_service_cidr","provider":"provider[\"registry.opentofu.org/hashicorp/null\"]","instances":[{"schema_version":0,"attributes":{"id":"5374797677668627925","triggers":null},"sensitive_attributes":[],"dependencies":["data.aws_availability_zones.available","module.eks.aws_cloudwatch_log_group.this","module.eks.aws_eks_cluster.this","module.eks.aws_iam_policy.cni_ipv6_policy","module.eks.aws_iam_role.eks_auto","module.eks.aws_iam_role.this","module.eks.aws_iam_role_policy_attachment.this","module.eks.aws_security_group.cluster","module.eks.aws_security_group.node","module.eks.aws_security_group_rule.cluster","module.eks.aws_security_group_rule.node","module.eks.data.aws_caller_identity.current","module.eks.data.aws_iam_policy_document.assume_role_policy","module.eks.data.aws_iam_policy_document.cni_ipv6_policy","module.eks.data.aws_iam_policy_document.node_assume_role_policy","module.eks.data.aws_iam_session_context.current","module.eks.data.aws_partition.current","module.eks.module.kms.aws_kms_external_key.this","module.eks.module.kms.aws_kms_key.this","module.eks.module.kms.aws_kms_replica_external_key.this","module.eks.module.kms.aws_kms_replica_key.this","module.eks.module.kms.data.aws_caller_identity.current","module.eks.module.kms.data.aws_iam_policy_document.this","module.eks.module.kms.data.aws_partition.current","module.eks.time_sleep.this","module.vpc.aws_subnet.private","module.vpc.aws_vpc.this","module.vpc.aws_vpc_ipv4_cidr_block_association.this"]}]},{"module":"module.eks.module.kms","mode":"data","type":"aws_caller_identity","name":"current","provider":"provider[\"registry.opentofu.org/hashicorp/aws\"]","instances":[{"index_key":0,"schema_version":0,"attributes":{"account_id":"330880211149","arn":"arn:aws:sts::330880211149:assumed-role/AWSReservedSSO_AdministratorAccess_7273a52ad7fb0ef4/harry@footprintit.net","id":"330880211149","user_id":"AROAU2CP7LDGRSPAR6HC2:harry@footprintit.net"},"sensitive_attributes":[]}]},{"module":"module.eks.module.kms","mode":"data","type":"aws_iam_policy_document","name":"this","provider":"provider[\"registry.opentofu.org/hashicorp/aws\"]","instances":[{"index_key":0,"schema_version":0,"attributes":{"id":"2938282498","json":"{\n  \"Version\": \"2012-10-17\",\n  \"Statement\": [\n    {\n      \"Sid\": \"Default\",\n      \"Effect\": \"Allow\",\n      \"Action\": \"kms:*\",\n      \"Resource\": \"*\",\n      \"Principal\": {\n        \"AWS\": \"arn:aws:iam::330880211149:root\"\n      }\n    },\n    {\n      \"Sid\": \"KeyAdministration\",\n      \"Effect\": \"Allow\",\n      \"Action\": [\n        \"kms:Update*\",\n        \"kms:UntagResource\",\n        \"kms:TagResource\",\n        \"kms:ScheduleKeyDeletion\",\n        \"kms:Revoke*\",\n        \"kms:ReplicateKey\",\n        \"kms:Put*\",\n        \"kms:List*\",\n        \"kms:ImportKeyMaterial\",\n        \"kms:Get*\",\n        \"kms:Enable*\",\n        \"kms:Disable*\",\n        \"kms:Describe*\",\n        \"kms:Delete*\",\n        \"kms:Create*\",\n        \"kms:CancelKeyDeletion\"\n      ],\n      \"Resource\": \"*\",\n      \"Principal\": {\n        \"AWS\": \"arn:aws:iam::330880211149:role/aws-reserved/sso.amazonaws.com/eu-west-2/AWSReservedSSO_AdministratorAccess_7273a52ad7fb0ef4\"\n      }\n    },\n    {\n      \"Sid\": \"KeyUsage\",\n      \"Effect\": \"Allow\",\n      \"Action\": [\n        \"kms:ReEncrypt*\",\n        \"kms:GenerateDataKey*\",\n        \"kms:Encrypt\",\n        \"kms:DescribeKey\",\n        \"kms:Decrypt\"\n      ],\n      \"Resource\": \"*\",\n      \"Principal\": {\n        \"AWS\": \"arn:aws:iam::330880211149:role/argocd-spike-cluster-cluster-20260225155916028800000002\"\n      }\n    }\n  ]\n}","minified_json":"{\"Version\":\"2012-10-17\",\"Statement\":[{\"Sid\":\"Default\",\"Effect\":\"Allow\",\"Action\":\"kms:*\",\"Resource\":\"*\",\"Principal\":{\"AWS\":\"arn:aws:iam::330880211149:root\"}},{\"Sid\":\"KeyAdministration\",\"Effect\":\"Allow\",\"Action\":[\"kms:Update*\",\"kms:UntagResource\",\"kms:TagResource\",\"kms:ScheduleKeyDeletion\",\"kms:Revoke*\",\"kms:ReplicateKey\",\"kms:Put*\",\"kms:List*\",\"kms:ImportKeyMaterial\",\"kms:Get*\",\"kms:Enable*\",\"kms:Disable*\",\"kms:Describe*\",\"kms:Delete*\",\"kms:Create*\",\"kms:CancelKeyDeletion\"],\"Resource\":\"*\",\"Principal\":{\"AWS\":\"arn:aws:iam::330880211149:role/aws-reserved/sso.amazonaws.com/eu-west-2/AWSReservedSSO_AdministratorAccess_7273a52ad7fb0ef4\"}},{\"Sid\":\"KeyUsage\",\"Effect\":\"Allow\",\"Action\":[\"kms:ReEncrypt*\",\"kms:GenerateDataKey*\",\"kms:Encrypt\",\"kms:DescribeKey\",\"kms:Decrypt\"],\"Resource\":\"*\",\"Principal\":{\"AWS\":\"arn:aws:iam::330880211149:role/argocd-spike-cluster-cluster-20260225155916028800000002\"}}]}","override_json":null,"override_policy_documents":null,"policy_id":null,"source_json":null,"source_policy_documents":null,"statement":[{"actions":["kms:*"],"condition":[],"effect":"Allow","not_actions":[],"not_principals":[],"not_resources":[],"principals":[{"identifiers":["arn:aws:iam::330880211149:root"],"type":"AWS"}],"resources":["*"],"sid":"Default"},{"actions":["kms:CancelKeyDeletion","kms:Create*","kms:Delete*","kms:Describe*","kms:Disable*","kms:Enable*","kms:Get*","kms:ImportKeyMaterial","kms:List*","kms:Put*","kms:ReplicateKey","kms:Revoke*","kms:ScheduleKeyDeletion","kms:TagResource","kms:UntagResource","kms:Update*"],"condition":[],"effect":"Allow","not_actions":[],"not_principals":[],"not_resources":[],"principals":[{"identifiers":["arn:aws:iam::330880211149:role/aws-reserved/sso.amazonaws.com/eu-west-2/AWSReservedSSO_AdministratorAccess_7273a52ad7fb0ef4"],"type":"AWS"}],"resources":["*"],"sid":"KeyAdministration"},{"actions":["kms:Decrypt","kms:DescribeKey","kms:Encrypt","kms:GenerateDataKey*","kms:ReEncrypt*"],"condition":[],"effect":"Allow","not_actions":[],"not_principals":[],"not_resources":[],"principals":[{"identifiers":["arn:aws:iam::330880211149:role/argocd-spike-cluster-cluster-20260225155916028800000002"],"type":"AWS"}],"resources":["*"],"sid":"KeyUsage"}],"version":"2012-10-17"},"sensitive_attributes":[]}]},{"module":"module.eks.module.kms","mode":"data","type":"aws_partition","name":"current","provider":"provider[\"registry.opentofu.org/hashicorp/aws\"]","instances":[{"index_key":0,"schema_version":0,"attributes":{"dns_suffix":"amazonaws.com","id":"aws","partition":"aws","reverse_dns_prefix":"com.amazonaws"},"sensitive_attributes":[]}]},{"module":"module.eks.module.kms","mode":"managed","type":"aws_kms_alias","name":"this","provider":"provider[\"registry.opentofu.org/hashicorp/aws\"]","instances":[{"index_key":"cluster","schema_version":0,"attributes":{"arn":"arn:aws:kms:eu-west-2:330880211149:alias/eks/argocd-spike-cluster","id":"alias/eks/argocd-spike-cluster","name":"alias/eks/argocd-spike-cluster","name_prefix":"","target_key_arn":"arn:aws:kms:eu-west-2:330880211149:key/e127bfb6-acda-4d9e-878c-46e79b213cba","target_key_id":"e127bfb6-acda-4d9e-878c-46e79b213cba"},"sensitive_attributes":[],"private":"bnVsbA==","dependencies":["module.eks.aws_iam_role.this","module.eks.data.aws_caller_identity.current","module.eks.data.aws_iam_policy_document.assume_role_policy","module.eks.data.aws_iam_session_context.current","module.eks.module.kms.aws_kms_external_key.this","module.eks.module.kms.aws_kms_key.this","module.eks.module.kms.aws_kms_replica_external_key.this","module.eks.module.kms.aws_kms_replica_key.this","module.eks.module.kms.data.aws_caller_identity.current","module.eks.module.kms.data.aws_iam_policy_document.this","module.eks.module.kms.data.aws_partition.current"]}]},{"module":"module.eks.module.kms","mode":"managed","type":"aws_kms_external_key","name":"this","provider":"provider[\"registry.opentofu.org/hashicorp/aws\"]","instances":[]},{"module":"module.eks.module.kms","mode":"managed","type":"aws_kms_key","name":"this","provider":"provider[\"registry.opentofu.org/hashicorp/aws\"]","instances":[{"index_key":0,"schema_version":0,"attributes":{"arn":"arn:aws:kms:eu-west-2:330880211149:key/e127bfb6-acda-4d9e-878c-46e79b213cba","bypass_policy_lockout_safety_check":false,"custom_key_store_id":"","customer_master_key_spec":"SYMMETRIC_DEFAULT","deletion_window_in_days":null,"description":"argocd-spike-cluster cluster encryption key","enable_key_rotation":true,"id":"e127bfb6-acda-4d9e-878c-46e79b213cba","is_enabled":true,"key_id":"e127bfb6-acda-4d9e-878c-46e79b213cba","key_usage":"ENCRYPT_DECRYPT","multi_region":false,"policy":"{\"Statement\":[{\"Action\":\"kms:*\",\"Effect\":\"Allow\",\"Principal\":{\"AWS\":\"arn:aws:iam::330880211149:root\"},\"Resource\":\"*\",\"Sid\":\"Default\"},{\"Action\":[\"kms:Update*\",\"kms:UntagResource\",\"kms:TagResource\",\"kms:ScheduleKeyDeletion\",\"kms:Revoke*\",\"kms:ReplicateKey\",\"kms:Put*\",\"kms:List*\",\"kms:ImportKeyMaterial\",\"kms:Get*\",\"kms:Enable*\",\"kms:Disable*\",\"kms:Describe*\",\"kms:Delete*\",\"kms:Create*\",\"kms:CancelKeyDeletion\"],\"Effect\":\"Allow\",\"Principal\":{\"AWS\":\"arn:aws:iam::330880211149:role/aws-reserved/sso.amazonaws.com/eu-west-2/AWSReservedSSO_AdministratorAccess_7273a52ad7fb0ef4\"},\"Resource\":\"*\",\"Sid\":\"KeyAdministration\"},{\"Action\":[\"kms:ReEncrypt*\",\"kms:GenerateDataKey*\",\"kms:Encrypt\",\"kms:DescribeKey\",\"kms:Decrypt\"],\"Effect\":\"Allow\",\"Principal\":{\"AWS\":\"arn:aws:iam::330880211149:role/argocd-spike-cluster-cluster-20260225155916028800000002\"},\"Resource\":\"*\",\"Sid\":\"KeyUsage\"}],\"Version\":\"2012-10-17\"}","rotation_period_in_days":365,"tags":{"terraform-aws-modules":"eks"},"tags_all":{"Environment":"sandbox","Project":"argocd-spike","Terraform":"true","terraform-aws-modules":"eks"},"timeouts":null,"xks_key_id":""},"sensitive_attributes":[],"private":"eyJlMmJmYjczMC1lY2FhLTExZTYtOGY4OC0zNDM2M2JjN2M0YzAiOnsiY3JlYXRlIjoxMjAwMDAwMDAwMDB9fQ==","dependencies":["module.eks.aws_iam_role.this","module.eks.data.aws_caller_identity.current","module.eks.data.aws_iam_policy_document.assume_role_policy","module.eks.data.aws_iam_session_context.current","module.eks.module.kms.data.aws_caller_identity.current","module.eks.module.kms.data.aws_iam_policy_document.this","module.eks.module.kms.data.aws_partition.current"],"create_before_destroy":true}]},{"module":"module.eks.module.kms","mode":"managed","type":"aws_kms_replica_external_key","name":"this","provider":"provider[\"registry.opentofu.org/hashicorp/aws\"]","instances":[]},{"module":"module.eks.module.kms","mode":"managed","type":"aws_kms_replica_key","name":"this","provider":"provider[\"registry.opentofu.org/hashicorp/aws\"]","instances":[]},{"module":"module.vpc","mode":"managed","type":"aws_default_network_acl","name":"this","provider":"provider[\"registry.opentofu.org/hashicorp/aws\"]","instances":[{"index_key":0,"schema_version":0,"attributes":{"arn":"arn:aws:ec2:eu-west-2:330880211149:network-acl/acl-0731ce55ee3dd10dd","default_network_acl_id":"acl-0731ce55ee3dd10dd","egress":[{"action":"allow","cidr_block":"","from_port":0,"icmp_code":null,"icmp_type":null,"ipv6_cidr_block":"::/0","protocol":"-1","rule_no":101,"to_port":0},{"action":"allow","cidr_block":"0.0.0.0/0","from_port":0,"icmp_code":null,"icmp_type":null,"ipv6_cidr_block":"","protocol":"-1","rule_no":100,"to_port":0}],"id":"acl-0731ce55ee3dd10dd","ingress":[{"action":"allow","cidr_block":"","from_port":0,"icmp_code":null,"icmp_type":null,"ipv6_cidr_block":"::/0","protocol":"-1","rule_no":101,"to_port":0},{"action":"allow","cidr_block":"0.0.0.0/0","from_port":0,"icmp_code":null,"icmp_type":null,"ipv6_cidr_block":"","protocol":"-1","rule_no":100,"to_port":0}],"owner_id":"330880211149","subnet_ids":["subnet-08bc832a5f4c4d3b7","subnet-0eb584bf324a64d09","subnet-0f4c14f78f0a78dda","subnet-0f51e8c7f37a55ec7"],"tags":{"Name":"argocd-spike-cluster-vpc-default"},"tags_all":{"Environment":"sandbox","Name":"argocd-spike-cluster-vpc-default","Project":"argocd-spike","Terraform":"true"},"vpc_id":"vpc-022e2b2c1e67b724f"},"sensitive_attributes":[],"private":"bnVsbA==","dependencies":["module.vpc.aws_vpc.this"]}]},{"module":"module.vpc","mode":"managed","type":"aws_default_route_table","name":"default","provider":"provider[\"registry.opentofu.org/hashicorp/aws\"]","instances":[{"index_key":0,"schema_version":0,"attributes":{"arn":"arn:aws:ec2:eu-west-2:330880211149:route-table/rtb-0d703b9aa4649a2b2","default_route_table_id":"rtb-0d703b9aa4649a2b2","id":"rtb-0d703b9aa4649a2b2","owner_id":"330880211149","propagating_vgws":null,"route":[],"tags":{"Name":"argocd-spike-cluster-vpc-default"},"tags_all":{"Environment":"sandbox","Name":"argocd-spike-cluster-vpc-default","Project":"argocd-spike","Terraform":"true"},"timeouts":{"create":"5m","update":"5m"},"vpc_id":"vpc-022e2b2c1e67b724f"},"sensitive_attributes":[],"private":"eyJlMmJmYjczMC1lY2FhLTExZTYtOGY4OC0zNDM2M2JjN2M0YzAiOnsiY3JlYXRlIjozMDAwMDAwMDAwMDAsInVwZGF0ZSI6MzAwMDAwMDAwMDAwfX0=","dependencies":["module.vpc.aws_vpc.this"]}]},{"module":"module.vpc","mode":"managed","type":"aws_default_security_group","name":"this","provider":"provider[\"registry.opentofu.org/hashicorp/aws\"]","instances":[{"index_key":0,"schema_version":1,"attributes":{"arn":"arn:aws:ec2:eu-west-2:330880211149:security-group/sg-0c6028882b14eda96","description":"default VPC security group","egress":[],"id":"sg-0c6028882b14eda96","ingress":[],"name":"default","name_prefix":"","owner_id":"330880211149","revoke_rules_on_delete":false,"tags":{"Name":"argocd-spike-cluster-vpc-default"},"tags_all":{"Environment":"sandbox","Name":"argocd-spike-cluster-vpc-default","Project":"argocd-spike","Terraform":"true"},"vpc_id":"vpc-022e2b2c1e67b724f"},"sensitive_attributes":[],"private":"eyJzY2hlbWFfdmVyc2lvbiI6IjEifQ==","dependencies":["module.vpc.aws_vpc.this"]}]},{"module":"module.vpc","mode":"managed","type":"aws_eip","name":"nat","provider":"provider[\"registry.opentofu.org/hashicorp/aws\"]","instances":[{"index_key":0,"schema_version":0,"attributes":{"address":null,"allocation_id":"eipalloc-0d12eeefa923fc506","arn":"arn:aws:ec2:eu-west-2:330880211149:elastic-ip/eipalloc-0d12eeefa923fc506","associate_with_private_ip":null,"association_id":"","carrier_ip":"","customer_owned_ip":"","customer_owned_ipv4_pool":"","domain":"vpc","id":"eipalloc-0d12eeefa923fc506","instance":"","ipam_pool_id":null,"network_border_group":"eu-west-2","network_interface":"","private_dns":null,"private_ip":"","ptr_record":"","public_dns":"ec2-3-9-109-137.eu-west-2.compute.amazonaws.com","public_ip":"3.9.109.137","public_ipv4_pool":"amazon","tags":{"Name":"argocd-spike-cluster-vpc-eu-west-2a"},"tags_all":{"Environment":"sandbox","Name":"argocd-spike-cluster-vpc-eu-west-2a","Project":"argocd-spike","Terraform":"true"},"timeouts":null,"vpc":true},"sensitive_attributes":[],"private":"eyJlMmJmYjczMC1lY2FhLTExZTYtOGY4OC0zNDM2M2JjN2M0YzAiOnsiZGVsZXRlIjoxODAwMDAwMDAwMDAsInJlYWQiOjkwMDAwMDAwMDAwMCwidXBkYXRlIjozMDAwMDAwMDAwMDB9fQ==","dependencies":["data.aws_availability_zones.available","module.vpc.aws_internet_gateway.this","module.vpc.aws_vpc.this","module.vpc.aws_vpc_ipv4_cidr_block_association.this"]}]},{"module":"module.vpc","mode":"managed","type":"aws_internet_gateway","name":"this","provider":"provider[\"registry.opentofu.org/hashicorp/aws\"]","instances":[{"index_key":0,"schema_version":0,"attributes":{"arn":"arn:aws:ec2:eu-west-2:330880211149:internet-gateway/igw-089e778c6f9983f4a","id":"igw-089e778c6f9983f4a","owner_id":"330880211149","tags":{"Name":"argocd-spike-cluster-vpc"},"tags_all":{"Environment":"sandbox","Name":"argocd-spike-cluster-vpc","Project":"argocd-spike","Terraform":"true"},"timeouts":null,"vpc_id":"vpc-022e2b2c1e67b724f"},"sensitive_attributes":[],"private":"eyJlMmJmYjczMC1lY2FhLTExZTYtOGY4OC0zNDM2M2JjN2M0YzAiOnsiY3JlYXRlIjoxMjAwMDAwMDAwMDAwLCJkZWxldGUiOjEyMDAwMDAwMDAwMDAsInVwZGF0ZSI6MTIwMDAwMDAwMDAwMH19","dependencies":["module.vpc.aws_vpc.this","module.vpc.aws_vpc_ipv4_cidr_block_association.this"]}]},{"module":"module.vpc","mode":"managed","type":"aws_nat_gateway","name":"this","provider":"provider[\"registry.opentofu.org/hashicorp/aws\"]","instances":[{"index_key":0,"schema_version":0,"attributes":{"allocation_id":"eipalloc-0d12eeefa923fc506","association_id":"eipassoc-09dde5b38a293118f","connectivity_type":"public","id":"nat-02d98497639ea47ca","network_interface_id":"eni-09c561e3e1c3c52b9","private_ip":"10.0.101.135","public_ip":"3.9.109.137","secondary_allocation_ids":null,"secondary_private_ip_address_count":0,"secondary_private_ip_addresses":[],"subnet_id":"subnet-0e7c786b17fd00662","tags":{"Name":"argocd-spike-cluster-vpc-eu-west-2a"},"tags_all":{"Environment":"sandbox","Name":"argocd-spike-cluster-vpc-eu-west-2a","Project":"argocd-spike","Terraform":"true"},"timeouts":null},"sensitive_attributes":[],"private":"eyJlMmJmYjczMC1lY2FhLTExZTYtOGY4OC0zNDM2M2JjN2M0YzAiOnsiY3JlYXRlIjo2MDAwMDAwMDAwMDAsImRlbGV0ZSI6MTgwMDAwMDAwMDAwMCwidXBkYXRlIjo2MDAwMDAwMDAwMDB9fQ==","dependencies":["data.aws_availability_zones.available","module.vpc.aws_eip.nat","module.vpc.aws_internet_gateway.this","module.vpc.aws_subnet.public","module.vpc.aws_vpc.this","module.vpc.aws_vpc_ipv4_cidr_block_association.this"]}]},{"module":"module.vpc","mode":"managed","type":"aws_route","name":"private_nat_gateway","provider":"provider[\"registry.opentofu.org/hashicorp/aws\"]","instances":[{"index_key":0,"schema_version":0,"attributes":{"carrier_gateway_id":"","core_network_arn":"","destination_cidr_block":"0.0.0.0/0","destination_ipv6_cidr_block":"","destination_prefix_list_id":"","egress_only_gateway_id":"","gateway_id":"","id":"r-rtb-05940134a75e360af1080289494","instance_id":"","instance_owner_id":"","local_gateway_id":"","nat_gateway_id":"nat-02d98497639ea47ca","network_interface_id":"","origin":"CreateRoute","route_table_id":"rtb-05940134a75e360af","state":"active","timeouts":{"create":"5m","delete":null,"update":null},"transit_gateway_id":"","vpc_endpoint_id":"","vpc_peering_connection_id":""},"sensitive_attributes":[],"private":"eyJlMmJmYjczMC1lY2FhLTExZTYtOGY4OC0zNDM2M2JjN2M0YzAiOnsiY3JlYXRlIjozMDAwMDAwMDAwMDAsImRlbGV0ZSI6MzAwMDAwMDAwMDAwLCJ1cGRhdGUiOjEyMDAwMDAwMDAwMH19","dependencies":["data.aws_availability_zones.available","module.vpc.aws_eip.nat","module.vpc.aws_internet_gateway.this","module.vpc.aws_nat_gateway.this","module.vpc.aws_route_table.private","module.vpc.aws_subnet.public","module.vpc.aws_vpc.this","module.vpc.aws_vpc_ipv4_cidr_block_association.this"]}]},{"module":"module.vpc","mode":"managed","type":"aws_route","name":"public_internet_gateway","provider":"provider[\"registry.opentofu.org/hashicorp/aws\"]","instances":[{"index_key":0,"schema_version":0,"attributes":{"carrier_gateway_id":"","core_network_arn":"","destination_cidr_block":"0.0.0.0/0","destination_ipv6_cidr_block":"","destination_prefix_list_id":"","egress_only_gateway_id":"","gateway_id":"igw-089e778c6f9983f4a","id":"r-rtb-074021d3ec7a9b57c1080289494","instance_id":"","instance_owner_id":"","local_gateway_id":"","nat_gateway_id":"","network_interface_id":"","origin":"CreateRoute","route_table_id":"rtb-074021d3ec7a9b57c","state":"active","timeouts":{"create":"5m","delete":null,"update":null},"transit_gateway_id":"","vpc_endpoint_id":"","vpc_peering_connection_id":""},"sensitive_attributes":[],"private":"eyJlMmJmYjczMC1lY2FhLTExZTYtOGY4OC0zNDM2M2JjN2M0YzAiOnsiY3JlYXRlIjozMDAwMDAwMDAwMDAsImRlbGV0ZSI6MzAwMDAwMDAwMDAwLCJ1cGRhdGUiOjEyMDAwMDAwMDAwMH19","dependencies":["data.aws_availability_zones.available","module.vpc.aws_internet_gateway.this","module.vpc.aws_route_table.public","module.vpc.aws_vpc.this","module.vpc.aws_vpc_ipv4_cidr_block_association.this"]}]},{"module":"module.vpc","mode":"managed","type":"aws_route_table","name":"private","provider":"provider[\"registry.opentofu.org/hashicorp/aws\"]","instances":[{"index_key":0,"schema_version":0,"attributes":{"arn":"arn:aws:ec2:eu-west-2:330880211149:route-table/rtb-05940134a75e360af","id":"rtb-05940134a75e360af","owner_id":"330880211149","propagating_vgws":[],"route":[],"tags":{"Name":"argocd-spike-cluster-vpc-private"},"tags_all":{"Environment":"sandbox","Name":"argocd-spike-cluster-vpc-private","Project":"argocd-spike","Terraform":"true"},"timeouts":null,"vpc_id":"vpc-022e2b2c1e67b724f"},"sensitive_attributes":[],"private":"eyJlMmJmYjczMC1lY2FhLTExZTYtOGY4OC0zNDM2M2JjN2M0YzAiOnsiY3JlYXRlIjozMDAwMDAwMDAwMDAsImRlbGV0ZSI6MzAwMDAwMDAwMDAwLCJ1cGRhdGUiOjEyMDAwMDAwMDAwMH19","dependencies":["data.aws_availability_zones.available","module.vpc.aws_vpc.this","module.vpc.aws_vpc_ipv4_cidr_block_association.this"]}]},{"module":"module.vpc","mode":"managed","type":"aws_route_table","name":"public","provider":"provider[\"registry.opentofu.org/hashicorp/aws\"]","instances":[{"index_key":0,"schema_version":0,"attributes":{"arn":"arn:aws:ec2:eu-west-2:330880211149:route-table/rtb-074021d3ec7a9b57c","id":"rtb-074021d3ec7a9b57c","owner_id":"330880211149","propagating_vgws":[],"route":[],"tags":{"Name":"argocd-spike-cluster-vpc-public"},"tags_all":{"Environment":"sandbox","Name":"argocd-spike-cluster-vpc-public","Project":"argocd-spike","Terraform":"true"},"timeouts":null,"vpc_id":"vpc-022e2b2c1e67b724f"},"sensitive_attributes":[],"private":"eyJlMmJmYjczMC1lY2FhLTExZTYtOGY4OC0zNDM2M2JjN2M0YzAiOnsiY3JlYXRlIjozMDAwMDAwMDAwMDAsImRlbGV0ZSI6MzAwMDAwMDAwMDAwLCJ1cGRhdGUiOjEyMDAwMDAwMDAwMH19","dependencies":["data.aws_availability_zones.available","module.vpc.aws_vpc.this","module.vpc.aws_vpc_ipv4_cidr_block_association.this"]}]},{"module":"module.vpc","mode":"managed","type":"aws_route_table_association","name":"private","provider":"provider[\"registry.opentofu.org/hashicorp/aws\"]","instances":[{"index_key":0,"schema_version":0,"attributes":{"gateway_id":"","id":"rtbassoc-0fb8a6b4728e5841d","route_table_id":"rtb-05940134a75e360af","subnet_id":"subnet-0f4c14f78f0a78dda","timeouts":null},"sensitive_attributes":[],"private":"eyJlMmJmYjczMC1lY2FhLTExZTYtOGY4OC0zNDM2M2JjN2M0YzAiOnsiY3JlYXRlIjozMDAwMDAwMDAwMDAsImRlbGV0ZSI6MzAwMDAwMDAwMDAwLCJ1cGRhdGUiOjEyMDAwMDAwMDAwMH19","dependencies":["data.aws_availability_zones.available","module.vpc.aws_route_table.private","module.vpc.aws_subnet.private","module.vpc.aws_vpc.this","module.vpc.aws_vpc_ipv4_cidr_block_association.this"]},{"index_key":1,"schema_version":0,"attributes":{"gateway_id":"","id":"rtbassoc-0d9c8153a8be44bda","route_table_id":"rtb-05940134a75e360af","subnet_id":"subnet-0eb584bf324a64d09","timeouts":null},"sensitive_attributes":[],"private":"eyJlMmJmYjczMC1lY2FhLTExZTYtOGY4OC0zNDM2M2JjN2M0YzAiOnsiY3JlYXRlIjozMDAwMDAwMDAwMDAsImRlbGV0ZSI6MzAwMDAwMDAwMDAwLCJ1cGRhdGUiOjEyMDAwMDAwMDAwMH19","dependencies":["data.aws_availability_zones.available","module.vpc.aws_route_table.private","module.vpc.aws_subnet.private","module.vpc.aws_vpc.this","module.vpc.aws_vpc_ipv4_cidr_block_association.this"]},{"index_key":2,"schema_version":0,"attributes":{"gateway_id":"","id":"rtbassoc-019e60e0597dbff4a","route_table_id":"rtb-05940134a75e360af","subnet_id":"subnet-0f51e8c7f37a55ec7","timeouts":null},"sensitive_attributes":[],"private":"eyJlMmJmYjczMC1lY2FhLTExZTYtOGY4OC0zNDM2M2JjN2M0YzAiOnsiY3JlYXRlIjozMDAwMDAwMDAwMDAsImRlbGV0ZSI6MzAwMDAwMDAwMDAwLCJ1cGRhdGUiOjEyMDAwMDAwMDAwMH19","dependencies":["data.aws_availability_zones.available","module.vpc.aws_route_table.private","module.vpc.aws_subnet.private","module.vpc.aws_vpc.this","module.vpc.aws_vpc_ipv4_cidr_block_association.this"]}]},{"module":"module.vpc","mode":"managed","type":"aws_route_table_association","name":"public","provider":"provider[\"registry.opentofu.org/hashicorp/aws\"]","instances":[{"index_key":0,"schema_version":0,"attributes":{"gateway_id":"","id":"rtbassoc-0874540d023b6907a","route_table_id":"rtb-074021d3ec7a9b57c","subnet_id":"subnet-0e7c786b17fd00662","timeouts":null},"sensitive_attributes":[],"private":"eyJlMmJmYjczMC1lY2FhLTExZTYtOGY4OC0zNDM2M2JjN2M0YzAiOnsiY3JlYXRlIjozMDAwMDAwMDAwMDAsImRlbGV0ZSI6MzAwMDAwMDAwMDAwLCJ1cGRhdGUiOjEyMDAwMDAwMDAwMH19","dependencies":["data.aws_availability_zones.available","module.vpc.aws_route_table.public","module.vpc.aws_subnet.public","module.vpc.aws_vpc.this","module.vpc.aws_vpc_ipv4_cidr_block_association.this"]},{"index_key":1,"schema_version":0,"attributes":{"gateway_id":"","id":"rtbassoc-0153d4b24d253290b","route_table_id":"rtb-074021d3ec7a9b57c","subnet_id":"subnet-08bc832a5f4c4d3b7","timeouts":null},"sensitive_attributes":[],"private":"eyJlMmJmYjczMC1lY2FhLTExZTYtOGY4OC0zNDM2M2JjN2M0YzAiOnsiY3JlYXRlIjozMDAwMDAwMDAwMDAsImRlbGV0ZSI6MzAwMDAwMDAwMDAwLCJ1cGRhdGUiOjEyMDAwMDAwMDAwMH19","dependencies":["data.aws_availability_zones.available","module.vpc.aws_route_table.public","module.vpc.aws_subnet.public","module.vpc.aws_vpc.this","module.vpc.aws_vpc_ipv4_cidr_block_association.this"]},{"index_key":2,"schema_version":0,"attributes":{"gateway_id":"","id":"rtbassoc-0278679ef28b4fd05","route_table_id":"rtb-074021d3ec7a9b57c","subnet_id":"subnet-0358d72d4cc19174d","timeouts":null},"sensitive_attributes":[],"private":"eyJlMmJmYjczMC1lY2FhLTExZTYtOGY4OC0zNDM2M2JjN2M0YzAiOnsiY3JlYXRlIjozMDAwMDAwMDAwMDAsImRlbGV0ZSI6MzAwMDAwMDAwMDAwLCJ1cGRhdGUiOjEyMDAwMDAwMDAwMH19","dependencies":["data.aws_availability_zones.available","module.vpc.aws_route_table.public","module.vpc.aws_subnet.public","module.vpc.aws_vpc.this","module.vpc.aws_vpc_ipv4_cidr_block_association.this"]}]},{"module":"module.vpc","mode":"managed","type":"aws_subnet","name":"private","provider":"provider[\"registry.opentofu.org/hashicorp/aws\"]","instances":[{"index_key":0,"schema_version":1,"attributes":{"arn":"arn:aws:ec2:eu-west-2:330880211149:subnet/subnet-0f4c14f78f0a78dda","assign_ipv6_address_on_creation":false,"availability_zone":"eu-west-2a","availability_zone_id":"euw2-az2","cidr_block":"10.0.1.0/24","customer_owned_ipv4_pool":"","enable_dns64":false,"enable_lni_at_device_index":0,"enable_resource_name_dns_a_record_on_launch":false,"enable_resource_name_dns_aaaa_record_on_launch":false,"id":"subnet-0f4c14f78f0a78dda","ipv6_cidr_block":"","ipv6_cidr_block_association_id":"","ipv6_native":false,"map_customer_owned_ip_on_launch":false,"map_public_ip_on_launch":false,"outpost_arn":"","owner_id":"330880211149","private_dns_hostname_type_on_launch":"ip-name","tags":{"Name":"argocd-spike-cluster-vpc-private-eu-west-2a"},"tags_all":{"Environment":"sandbox","Name":"argocd-spike-cluster-vpc-private-eu-west-2a","Project":"argocd-spike","Terraform":"true"},"timeouts":null,"vpc_id":"vpc-022e2b2c1e67b724f"},"sensitive_attributes":[],"private":"eyJlMmJmYjczMC1lY2FhLTExZTYtOGY4OC0zNDM2M2JjN2M0YzAiOnsiY3JlYXRlIjo2MDAwMDAwMDAwMDAsImRlbGV0ZSI6MTIwMDAwMDAwMDAwMH0sInNjaGVtYV92ZXJzaW9uIjoiMSJ9","dependencies":["data.aws_availability_zones.available","module.vpc.aws_vpc.this","module.vpc.aws_vpc_ipv4_cidr_block_association.this"],"create_before_destroy":true},{"index_key":1,"schema_version":1,"attributes":{"arn":"arn:aws:ec2:eu-west-2:330880211149:subnet/subnet-0eb584bf324a64d09","assign_ipv6_address_on_creation":false,"availability_zone":"eu-west-2b","availability_zone_id":"euw2-az3","cidr_block":"10.0.2.0/24","customer_owned_ipv4_pool":"","enable_dns64":false,"enable_lni_at_device_index":0,"enable_resource_name_dns_a_record_on_launch":false,"enable_resource_name_dns_aaaa_record_on_launch":false,"id":"subnet-0eb584bf324a64d09","ipv6_cidr_block":"","ipv6_cidr_block_association_id":"","ipv6_native":false,"map_customer_owned_ip_on_launch":false,"map_public_ip_on_launch":false,"outpost_arn":"","owner_id":"330880211149","private_dns_hostname_type_on_launch":"ip-name","tags":{"Name":"argocd-spike-cluster-vpc-private-eu-west-2b"},"tags_all":{"Environment":"sandbox","Name":"argocd-spike-cluster-vpc-private-eu-west-2b","Project":"argocd-spike","Terraform":"true"},"timeouts":null,"vpc_id":"vpc-022e2b2c1e67b724f"},"sensitive_attributes":[],"private":"eyJlMmJmYjczMC1lY2FhLTExZTYtOGY4OC0zNDM2M2JjN2M0YzAiOnsiY3JlYXRlIjo2MDAwMDAwMDAwMDAsImRlbGV0ZSI6MTIwMDAwMDAwMDAwMH0sInNjaGVtYV92ZXJzaW9uIjoiMSJ9","dependencies":["data.aws_availability_zones.available","module.vpc.aws_vpc.this","module.vpc.aws_vpc_ipv4_cidr_block_association.this"],"create_before_destroy":true},{"index_key":2,"schema_version":1,"attributes":{"arn":"arn:aws:ec2:eu-west-2:330880211149:subnet/subnet-0f51e8c7f37a55ec7","assign_ipv6_address_on_creation":false,"availability_zone":"eu-west-2c","availability_zone_id":"euw2-az1","cidr_block":"10.0.3.0/24","customer_owned_ipv4_pool":"","enable_dns64":false,"enable_lni_at_device_index":0,"enable_resource_name_dns_a_record_on_launch":false,"enable_resource_name_dns_aaaa_record_on_launch":false,"id":"subnet-0f51e8c7f37a55ec7","ipv6_cidr_block":"","ipv6_cidr_block_association_id":"","ipv6_native":false,"map_customer_owned_ip_on_launch":false,"map_public_ip_on_launch":false,"outpost_arn":"","owner_id":"330880211149","private_dns_hostname_type_on_launch":"ip-name","tags":{"Name":"argocd-spike-cluster-vpc-private-eu-west-2c"},"tags_all":{"Environment":"sandbox","Name":"argocd-spike-cluster-vpc-private-eu-west-2c","Project":"argocd-spike","Terraform":"true"},"timeouts":null,"vpc_id":"vpc-022e2b2c1e67b724f"},"sensitive_attributes":[],"private":"eyJlMmJmYjczMC1lY2FhLTExZTYtOGY4OC0zNDM2M2JjN2M0YzAiOnsiY3JlYXRlIjo2MDAwMDAwMDAwMDAsImRlbGV0ZSI6MTIwMDAwMDAwMDAwMH0sInNjaGVtYV92ZXJzaW9uIjoiMSJ9","dependencies":["data.aws_availability_zones.available","module.vpc.aws_vpc.this","module.vpc.aws_vpc_ipv4_cidr_block_association.this"],"create_before_destroy":true}]},{"module":"module.vpc","mode":"managed","type":"aws_subnet","name":"public","provider":"provider[\"registry.opentofu.org/hashicorp/aws\"]","instances":[{"index_key":0,"schema_version":1,"attributes":{"arn":"arn:aws:ec2:eu-west-2:330880211149:subnet/subnet-0e7c786b17fd00662","assign_ipv6_address_on_creation":false,"availability_zone":"eu-west-2a","availability_zone_id":"euw2-az2","cidr_block":"10.0.101.0/24","customer_owned_ipv4_pool":"","enable_dns64":false,"enable_lni_at_device_index":0,"enable_resource_name_dns_a_record_on_launch":false,"enable_resource_name_dns_aaaa_record_on_launch":false,"id":"subnet-0e7c786b17fd00662","ipv6_cidr_block":"","ipv6_cidr_block_association_id":"","ipv6_native":false,"map_customer_owned_ip_on_launch":false,"map_public_ip_on_launch":false,"outpost_arn":"","owner_id":"330880211149","private_dns_hostname_type_on_launch":"ip-name","tags":{"Name":"argocd-spike-cluster-vpc-public-eu-west-2a"},"tags_all":{"Environment":"sandbox","Name":"argocd-spike-cluster-vpc-public-eu-west-2a","Project":"argocd-spike","Terraform":"true"},"timeouts":null,"vpc_id":"vpc-022e2b2c1e67b724f"},"sensitive_attributes":[],"private":"eyJlMmJmYjczMC1lY2FhLTExZTYtOGY4OC0zNDM2M2JjN2M0YzAiOnsiY3JlYXRlIjo2MDAwMDAwMDAwMDAsImRlbGV0ZSI6MTIwMDAwMDAwMDAwMH0sInNjaGVtYV92ZXJzaW9uIjoiMSJ9","dependencies":["data.aws_availability_zones.available","module.vpc.aws_vpc.this","module.vpc.aws_vpc_ipv4_cidr_block_association.this"]},{"index_key":1,"schema_version":1,"attributes":{"arn":"arn:aws:ec2:eu-west-2:330880211149:subnet/subnet-08bc832a5f4c4d3b7","assign_ipv6_address_on_creation":false,"availability_zone":"eu-west-2b","availability_zone_id":"euw2-az3","cidr_block":"10.0.102.0/24","customer_owned_ipv4_pool":"","enable_dns64":false,"enable_lni_at_device_index":0,"enable_resource_name_dns_a_record_on_launch":false,"enable_resource_name_dns_aaaa_record_on_launch":false,"id":"subnet-08bc832a5f4c4d3b7","ipv6_cidr_block":"","ipv6_cidr_block_association_id":"","ipv6_native":false,"map_customer_owned_ip_on_launch":false,"map_public_ip_on_launch":false,"outpost_arn":"","owner_id":"330880211149","private_dns_hostname_type_on_launch":"ip-name","tags":{"Name":"argocd-spike-cluster-vpc-public-eu-west-2b"},"tags_all":{"Environment":"sandbox","Name":"argocd-spike-cluster-vpc-public-eu-west-2b","Project":"argocd-spike","Terraform":"true"},"timeouts":null,"vpc_id":"vpc-022e2b2c1e67b724f"},"sensitive_attributes":[],"private":"eyJlMmJmYjczMC1lY2FhLTExZTYtOGY4OC0zNDM2M2JjN2M0YzAiOnsiY3JlYXRlIjo2MDAwMDAwMDAwMDAsImRlbGV0ZSI6MTIwMDAwMDAwMDAwMH0sInNjaGVtYV92ZXJzaW9uIjoiMSJ9","dependencies":["data.aws_availability_zones.available","module.vpc.aws_vpc.this","module.vpc.aws_vpc_ipv4_cidr_block_association.this"]},{"index_key":2,"schema_version":1,"attributes":{"arn":"arn:aws:ec2:eu-west-2:330880211149:subnet/subnet-0358d72d4cc19174d","assign_ipv6_address_on_creation":false,"availability_zone":"eu-west-2c","availability_zone_id":"euw2-az1","cidr_block":"10.0.103.0/24","customer_owned_ipv4_pool":"","enable_dns64":false,"enable_lni_at_device_index":0,"enable_resource_name_dns_a_record_on_launch":false,"enable_resource_name_dns_aaaa_record_on_launch":false,"id":"subnet-0358d72d4cc19174d","ipv6_cidr_block":"","ipv6_cidr_block_association_id":"","ipv6_native":false,"map_customer_owned_ip_on_launch":false,"map_public_ip_on_launch":false,"outpost_arn":"","owner_id":"330880211149","private_dns_hostname_type_on_launch":"ip-name","tags":{"Name":"argocd-spike-cluster-vpc-public-eu-west-2c"},"tags_all":{"Environment":"sandbox","Name":"argocd-spike-cluster-vpc-public-eu-west-2c","Project":"argocd-spike","Terraform":"true"},"timeouts":null,"vpc_id":"vpc-022e2b2c1e67b724f"},"sensitive_attributes":[],"private":"eyJlMmJmYjczMC1lY2FhLTExZTYtOGY4OC0zNDM2M2JjN2M0YzAiOnsiY3JlYXRlIjo2MDAwMDAwMDAwMDAsImRlbGV0ZSI6MTIwMDAwMDAwMDAwMH0sInNjaGVtYV92ZXJzaW9uIjoiMSJ9","dependencies":["data.aws_availability_zones.available","module.vpc.aws_vpc.this","module.vpc.aws_vpc_ipv4_cidr_block_association.this"]}]},{"module":"module.vpc","mode":"managed","type":"aws_vpc","name":"this","provider":"provider[\"registry.opentofu.org/hashicorp/aws\"]","instances":[{"index_key":0,"schema_version":1,"attributes":{"arn":"arn:aws:ec2:eu-west-2:330880211149:vpc/vpc-022e2b2c1e67b724f","assign_generated_ipv6_cidr_block":false,"cidr_block":"10.0.0.0/16","default_network_acl_id":"acl-0731ce55ee3dd10dd","default_route_table_id":"rtb-0d703b9aa4649a2b2","default_security_group_id":"sg-0c6028882b14eda96","dhcp_options_id":"dopt-06ace9b801eb3d96c","enable_dns_hostnames":true,"enable_dns_support":true,"enable_network_address_usage_metrics":false,"id":"vpc-022e2b2c1e67b724f","instance_tenancy":"default","ipv4_ipam_pool_id":null,"ipv4_netmask_length":null,"ipv6_association_id":"","ipv6_cidr_block":"","ipv6_cidr_block_network_border_group":"","ipv6_ipam_pool_id":"","ipv6_netmask_length":0,"main_route_table_id":"rtb-0d703b9aa4649a2b2","owner_id":"330880211149","tags":{"Name":"argocd-spike-cluster-vpc"},"tags_all":{"Environment":"sandbox","Name":"argocd-spike-cluster-vpc","Project":"argocd-spike","Terraform":"true"}},"sensitive_attributes":[],"private":"eyJzY2hlbWFfdmVyc2lvbiI6IjEifQ==","create_before_destroy":true}]},{"module":"module.vpc","mode":"managed","type":"aws_vpc_ipv4_cidr_block_association","name":"this","provider":"provider[\"registry.opentofu.org/hashicorp/aws\"]","instances":[]}],"check_results":[{"object_kind":"resource","config_addr":"module.eks.module.eks_managed_node_group.module.user_data.null_resource.validate_cluster_service_cidr","status":"pass","objects":[{"object_addr":"module.eks.module.eks_managed_node_group[\"default\"].module.user_data.null_resource.validate_cluster_service_cidr","status":"pass"}]},{"object_kind":"var","config_addr":"module.eks.module.self_managed_node_group.var.platform","status":"pass","objects":null},{"object_kind":"resource","config_addr":"module.eks.module.self_managed_node_group.module.user_data.null_resource.validate_cluster_service_cidr","status":"pass","objects":null}]}
